// !$*UTF8*$!
{
	archiveVersion = 1;
	classes = {
	};
	objectVersion = 46;
	objects = {

/* Begin PBXBuildFile section */
		6515FAD419AFB6DE00E82568 /* CBVectorMath.m in Sources */ = {isa = PBXBuildFile; fileRef = 6515FAD319AFB6DE00E82568 /* CBVectorMath.m */; };
		6515FAD719AFD25800E82568 /* CBPlayer.m in Sources */ = {isa = PBXBuildFile; fileRef = 6515FAD619AFD25800E82568 /* CBPlayer.m */; };
		6566BE7D19802D5D00602447 /* Foundation.framework in Frameworks */ = {isa = PBXBuildFile; fileRef = 6566BE7C19802D5D00602447 /* Foundation.framework */; };
		6566BE7F19802D5D00602447 /* CoreGraphics.framework in Frameworks */ = {isa = PBXBuildFile; fileRef = 6566BE7E19802D5D00602447 /* CoreGraphics.framework */; };
		6566BE8119802D5D00602447 /* UIKit.framework in Frameworks */ = {isa = PBXBuildFile; fileRef = 6566BE8019802D5D00602447 /* UIKit.framework */; };
		6566BE8319802D5D00602447 /* SpriteKit.framework in Frameworks */ = {isa = PBXBuildFile; fileRef = 6566BE8219802D5D00602447 /* SpriteKit.framework */; };
		6566BE8919802D5D00602447 /* InfoPlist.strings in Resources */ = {isa = PBXBuildFile; fileRef = 6566BE8719802D5D00602447 /* InfoPlist.strings */; };
		6566BE8B19802D5D00602447 /* main.m in Sources */ = {isa = PBXBuildFile; fileRef = 6566BE8A19802D5D00602447 /* main.m */; };
		6566BE8F19802D5D00602447 /* CBAppDelegate.m in Sources */ = {isa = PBXBuildFile; fileRef = 6566BE8E19802D5D00602447 /* CBAppDelegate.m */; };
		6566BE9219802D5D00602447 /* Main.storyboard in Resources */ = {isa = PBXBuildFile; fileRef = 6566BE9019802D5D00602447 /* Main.storyboard */; };
		6566BE9519802D5D00602447 /* CBViewController.m in Sources */ = {isa = PBXBuildFile; fileRef = 6566BE9419802D5D00602447 /* CBViewController.m */; };
		6566BE9819802D5D00602447 /* CBMyScene.m in Sources */ = {isa = PBXBuildFile; fileRef = 6566BE9719802D5D00602447 /* CBMyScene.m */; };
		6566BE9A19802D5D00602447 /* Spaceship.png in Resources */ = {isa = PBXBuildFile; fileRef = 6566BE9919802D5D00602447 /* Spaceship.png */; };
		6566BE9C19802D5D00602447 /* Images.xcassets in Resources */ = {isa = PBXBuildFile; fileRef = 6566BE9B19802D5D00602447 /* Images.xcassets */; };
		6566BEA319802D5D00602447 /* XCTest.framework in Frameworks */ = {isa = PBXBuildFile; fileRef = 6566BEA219802D5D00602447 /* XCTest.framework */; };
		6566BEA419802D5D00602447 /* Foundation.framework in Frameworks */ = {isa = PBXBuildFile; fileRef = 6566BE7C19802D5D00602447 /* Foundation.framework */; };
		6566BEA519802D5D00602447 /* UIKit.framework in Frameworks */ = {isa = PBXBuildFile; fileRef = 6566BE8019802D5D00602447 /* UIKit.framework */; };
		6566BEAD19802D5D00602447 /* InfoPlist.strings in Resources */ = {isa = PBXBuildFile; fileRef = 6566BEAB19802D5D00602447 /* InfoPlist.strings */; };
		6566BEAF19802D5D00602447 /* CosmicBlastTests.m in Sources */ = {isa = PBXBuildFile; fileRef = 6566BEAE19802D5D00602447 /* CosmicBlastTests.m */; };
		6566BEBD1980387400602447 /* background-music-aac.caf in Resources */ = {isa = PBXBuildFile; fileRef = 6566BEBA1980387400602447 /* background-music-aac.caf */; };
		6566BEBE1980387400602447 /* pew-pew-lei.caf in Resources */ = {isa = PBXBuildFile; fileRef = 6566BEBB1980387400602447 /* pew-pew-lei.caf */; };
		6566BEBF1980387400602447 /* sprites.atlas in Resources */ = {isa = PBXBuildFile; fileRef = 6566BEBC1980387400602447 /* sprites.atlas */; };
		65EBF13419A9731000F0BA37 /* Background.png in Resources */ = {isa = PBXBuildFile; fileRef = 65EBF13319A9731000F0BA37 /* Background.png */; };
		65EBF13719A97AD400F0BA37 /* CBWorld.m in Sources */ = {isa = PBXBuildFile; fileRef = 65EBF13619A97AD400F0BA37 /* CBWorld.m */; };
		65F1DCA5199046A500701865 /* up.png in Resources */ = {isa = PBXBuildFile; fileRef = 65F1DCA4199046A500701865 /* up.png */; };
		65FDF3B119A996B200D4269C /* CBEnemy.m in Sources */ = {isa = PBXBuildFile; fileRef = 65FDF3B019A996B200D4269C /* CBEnemy.m */; };
/* End PBXBuildFile section */

/* Begin PBXContainerItemProxy section */
		6566BEA619802D5D00602447 /* PBXContainerItemProxy */ = {
			isa = PBXContainerItemProxy;
			containerPortal = 6566BE7119802D5D00602447 /* Project object */;
			proxyType = 1;
			remoteGlobalIDString = 6566BE7819802D5D00602447;
			remoteInfo = CosmicBlast;
		};
/* End PBXContainerItemProxy section */

/* Begin PBXFileReference section */
		6515FAD219AFB6DE00E82568 /* CBVectorMath.h */ = {isa = PBXFileReference; fileEncoding = 4; lastKnownFileType = sourcecode.c.h; path = CBVectorMath.h; sourceTree = "<group>"; };
		6515FAD319AFB6DE00E82568 /* CBVectorMath.m */ = {isa = PBXFileReference; fileEncoding = 4; lastKnownFileType = sourcecode.c.objc; path = CBVectorMath.m; sourceTree = "<group>"; };
		6515FAD519AFD25800E82568 /* CBPlayer.h */ = {isa = PBXFileReference; fileEncoding = 4; lastKnownFileType = sourcecode.c.h; path = CBPlayer.h; sourceTree = "<group>"; };
		6515FAD619AFD25800E82568 /* CBPlayer.m */ = {isa = PBXFileReference; fileEncoding = 4; lastKnownFileType = sourcecode.c.objc; path = CBPlayer.m; sourceTree = "<group>"; };
		6566BE7919802D5D00602447 /* CosmicBlast.app */ = {isa = PBXFileReference; explicitFileType = wrapper.application; includeInIndex = 0; path = CosmicBlast.app; sourceTree = BUILT_PRODUCTS_DIR; };
		6566BE7C19802D5D00602447 /* Foundation.framework */ = {isa = PBXFileReference; lastKnownFileType = wrapper.framework; name = Foundation.framework; path = System/Library/Frameworks/Foundation.framework; sourceTree = SDKROOT; };
		6566BE7E19802D5D00602447 /* CoreGraphics.framework */ = {isa = PBXFileReference; lastKnownFileType = wrapper.framework; name = CoreGraphics.framework; path = System/Library/Frameworks/CoreGraphics.framework; sourceTree = SDKROOT; };
		6566BE8019802D5D00602447 /* UIKit.framework */ = {isa = PBXFileReference; lastKnownFileType = wrapper.framework; name = UIKit.framework; path = System/Library/Frameworks/UIKit.framework; sourceTree = SDKROOT; };
		6566BE8219802D5D00602447 /* SpriteKit.framework */ = {isa = PBXFileReference; lastKnownFileType = wrapper.framework; name = SpriteKit.framework; path = System/Library/Frameworks/SpriteKit.framework; sourceTree = SDKROOT; };
		6566BE8619802D5D00602447 /* CosmicBlast-Info.plist */ = {isa = PBXFileReference; lastKnownFileType = text.plist.xml; path = "CosmicBlast-Info.plist"; sourceTree = "<group>"; };
		6566BE8819802D5D00602447 /* en */ = {isa = PBXFileReference; lastKnownFileType = text.plist.strings; name = en; path = en.lproj/InfoPlist.strings; sourceTree = "<group>"; };
		6566BE8A19802D5D00602447 /* main.m */ = {isa = PBXFileReference; lastKnownFileType = sourcecode.c.objc; path = main.m; sourceTree = "<group>"; };
		6566BE8C19802D5D00602447 /* CosmicBlast-Prefix.pch */ = {isa = PBXFileReference; lastKnownFileType = sourcecode.c.h; path = "CosmicBlast-Prefix.pch"; sourceTree = "<group>"; };
		6566BE8D19802D5D00602447 /* CBAppDelegate.h */ = {isa = PBXFileReference; lastKnownFileType = sourcecode.c.h; path = CBAppDelegate.h; sourceTree = "<group>"; };
		6566BE8E19802D5D00602447 /* CBAppDelegate.m */ = {isa = PBXFileReference; lastKnownFileType = sourcecode.c.objc; path = CBAppDelegate.m; sourceTree = "<group>"; };
		6566BE9119802D5D00602447 /* Base */ = {isa = PBXFileReference; lastKnownFileType = file.storyboard; name = Base; path = Base.lproj/Main.storyboard; sourceTree = "<group>"; };
		6566BE9319802D5D00602447 /* CBViewController.h */ = {isa = PBXFileReference; lastKnownFileType = sourcecode.c.h; path = CBViewController.h; sourceTree = "<group>"; };
		6566BE9419802D5D00602447 /* CBViewController.m */ = {isa = PBXFileReference; lastKnownFileType = sourcecode.c.objc; path = CBViewController.m; sourceTree = "<group>"; };
		6566BE9619802D5D00602447 /* CBMyScene.h */ = {isa = PBXFileReference; lastKnownFileType = sourcecode.c.h; path = CBMyScene.h; sourceTree = "<group>"; };
		6566BE9719802D5D00602447 /* CBMyScene.m */ = {isa = PBXFileReference; lastKnownFileType = sourcecode.c.objc; path = CBMyScene.m; sourceTree = "<group>"; };
		6566BE9919802D5D00602447 /* Spaceship.png */ = {isa = PBXFileReference; lastKnownFileType = image.png; path = Spaceship.png; sourceTree = "<group>"; };
		6566BE9B19802D5D00602447 /* Images.xcassets */ = {isa = PBXFileReference; lastKnownFileType = folder.assetcatalog; path = Images.xcassets; sourceTree = "<group>"; };
		6566BEA119802D5D00602447 /* CosmicBlastTests.xctest */ = {isa = PBXFileReference; explicitFileType = wrapper.cfbundle; includeInIndex = 0; path = CosmicBlastTests.xctest; sourceTree = BUILT_PRODUCTS_DIR; };
		6566BEA219802D5D00602447 /* XCTest.framework */ = {isa = PBXFileReference; lastKnownFileType = wrapper.framework; name = XCTest.framework; path = Library/Frameworks/XCTest.framework; sourceTree = DEVELOPER_DIR; };
		6566BEAA19802D5D00602447 /* CosmicBlastTests-Info.plist */ = {isa = PBXFileReference; lastKnownFileType = text.plist.xml; path = "CosmicBlastTests-Info.plist"; sourceTree = "<group>"; };
		6566BEAC19802D5D00602447 /* en */ = {isa = PBXFileReference; lastKnownFileType = text.plist.strings; name = en; path = en.lproj/InfoPlist.strings; sourceTree = "<group>"; };
		6566BEAE19802D5D00602447 /* CosmicBlastTests.m */ = {isa = PBXFileReference; lastKnownFileType = sourcecode.c.objc; path = CosmicBlastTests.m; sourceTree = "<group>"; };
		6566BEBA1980387400602447 /* background-music-aac.caf */ = {isa = PBXFileReference; lastKnownFileType = file; path = "background-music-aac.caf"; sourceTree = "<group>"; };
		6566BEBB1980387400602447 /* pew-pew-lei.caf */ = {isa = PBXFileReference; lastKnownFileType = file; path = "pew-pew-lei.caf"; sourceTree = "<group>"; };
		6566BEBC1980387400602447 /* sprites.atlas */ = {isa = PBXFileReference; lastKnownFileType = folder.skatlas; path = sprites.atlas; sourceTree = "<group>"; };
		65EBF13319A9731000F0BA37 /* Background.png */ = {isa = PBXFileReference; lastKnownFileType = image.png; path = Background.png; sourceTree = "<group>"; };
		65EBF13519A97AD400F0BA37 /* CBWorld.h */ = {isa = PBXFileReference; fileEncoding = 4; lastKnownFileType = sourcecode.c.h; path = CBWorld.h; sourceTree = "<group>"; };
		65EBF13619A97AD400F0BA37 /* CBWorld.m */ = {isa = PBXFileReference; fileEncoding = 4; lastKnownFileType = sourcecode.c.objc; path = CBWorld.m; sourceTree = "<group>"; };
		65F1DCA4199046A500701865 /* up.png */ = {isa = PBXFileReference; lastKnownFileType = image.png; path = up.png; sourceTree = "<group>"; };
		65FDF3AF19A996B200D4269C /* CBEnemy.h */ = {isa = PBXFileReference; fileEncoding = 4; lastKnownFileType = sourcecode.c.h; path = CBEnemy.h; sourceTree = "<group>"; };
		65FDF3B019A996B200D4269C /* CBEnemy.m */ = {isa = PBXFileReference; fileEncoding = 4; lastKnownFileType = sourcecode.c.objc; path = CBEnemy.m; sourceTree = "<group>"; };
/* End PBXFileReference section */

/* Begin PBXFrameworksBuildPhase section */
		6566BE7619802D5D00602447 /* Frameworks */ = {
			isa = PBXFrameworksBuildPhase;
			buildActionMask = 2147483647;
			files = (
				6566BE7F19802D5D00602447 /* CoreGraphics.framework in Frameworks */,
				6566BE8119802D5D00602447 /* UIKit.framework in Frameworks */,
				6566BE8319802D5D00602447 /* SpriteKit.framework in Frameworks */,
				6566BE7D19802D5D00602447 /* Foundation.framework in Frameworks */,
			);
			runOnlyForDeploymentPostprocessing = 0;
		};
		6566BE9E19802D5D00602447 /* Frameworks */ = {
			isa = PBXFrameworksBuildPhase;
			buildActionMask = 2147483647;
			files = (
				6566BEA319802D5D00602447 /* XCTest.framework in Frameworks */,
				6566BEA519802D5D00602447 /* UIKit.framework in Frameworks */,
				6566BEA419802D5D00602447 /* Foundation.framework in Frameworks */,
			);
			runOnlyForDeploymentPostprocessing = 0;
		};
/* End PBXFrameworksBuildPhase section */

/* Begin PBXGroup section */
		6566BE7019802D5D00602447 = {
			isa = PBXGroup;
			children = (
				6566BE8419802D5D00602447 /* CosmicBlast */,
				6566BEA819802D5D00602447 /* CosmicBlastTests */,
				6566BE7B19802D5D00602447 /* Frameworks */,
				6566BE7A19802D5D00602447 /* Products */,
			);
			sourceTree = "<group>";
		};
		6566BE7A19802D5D00602447 /* Products */ = {
			isa = PBXGroup;
			children = (
				6566BE7919802D5D00602447 /* CosmicBlast.app */,
				6566BEA119802D5D00602447 /* CosmicBlastTests.xctest */,
			);
			name = Products;
			sourceTree = "<group>";
		};
		6566BE7B19802D5D00602447 /* Frameworks */ = {
			isa = PBXGroup;
			children = (
				6566BE7C19802D5D00602447 /* Foundation.framework */,
				6566BE7E19802D5D00602447 /* CoreGraphics.framework */,
				6566BE8019802D5D00602447 /* UIKit.framework */,
				6566BE8219802D5D00602447 /* SpriteKit.framework */,
				6566BEA219802D5D00602447 /* XCTest.framework */,
			);
			name = Frameworks;
			sourceTree = "<group>";
		};
		6566BE8419802D5D00602447 /* CosmicBlast */ = {
			isa = PBXGroup;
			children = (
				6566BE8D19802D5D00602447 /* CBAppDelegate.h */,
				6566BE8E19802D5D00602447 /* CBAppDelegate.m */,
				6566BE9019802D5D00602447 /* Main.storyboard */,
				6566BE9319802D5D00602447 /* CBViewController.h */,
				6566BE9419802D5D00602447 /* CBViewController.m */,
				65F1DCA4199046A500701865 /* up.png */,
				6566BE9619802D5D00602447 /* CBMyScene.h */,
				6566BE9719802D5D00602447 /* CBMyScene.m */,
				6515FAD219AFB6DE00E82568 /* CBVectorMath.h */,
				6515FAD319AFB6DE00E82568 /* CBVectorMath.m */,
				65EBF13519A97AD400F0BA37 /* CBWorld.h */,
				65EBF13619A97AD400F0BA37 /* CBWorld.m */,
				6566BE9919802D5D00602447 /* Spaceship.png */,
				6515FAD519AFD25800E82568 /* CBPlayer.h */,
				6515FAD619AFD25800E82568 /* CBPlayer.m */,
				65FDF3AF19A996B200D4269C /* CBEnemy.h */,
				65FDF3B019A996B200D4269C /* CBEnemy.m */,
				65EBF13319A9731000F0BA37 /* Background.png */,
				6566BE9B19802D5D00602447 /* Images.xcassets */,
				6566BEB81980387400602447 /* SpriteKitSimpleGameResources */,
				6566BE8519802D5D00602447 /* Supporting Files */,
			);
			path = CosmicBlast;
			sourceTree = "<group>";
		};
		6566BE8519802D5D00602447 /* Supporting Files */ = {
			isa = PBXGroup;
			children = (
				6566BE8619802D5D00602447 /* CosmicBlast-Info.plist */,
				6566BE8719802D5D00602447 /* InfoPlist.strings */,
				6566BE8A19802D5D00602447 /* main.m */,
				6566BE8C19802D5D00602447 /* CosmicBlast-Prefix.pch */,
			);
			name = "Supporting Files";
			sourceTree = "<group>";
		};
		6566BEA819802D5D00602447 /* CosmicBlastTests */ = {
			isa = PBXGroup;
			children = (
				6566BEAE19802D5D00602447 /* CosmicBlastTests.m */,
				6566BEA919802D5D00602447 /* Supporting Files */,
			);
			path = CosmicBlastTests;
			sourceTree = "<group>";
		};
		6566BEA919802D5D00602447 /* Supporting Files */ = {
			isa = PBXGroup;
			children = (
				6566BEAA19802D5D00602447 /* CosmicBlastTests-Info.plist */,
				6566BEAB19802D5D00602447 /* InfoPlist.strings */,
			);
			name = "Supporting Files";
			sourceTree = "<group>";
		};
		6566BEB81980387400602447 /* SpriteKitSimpleGameResources */ = {
			isa = PBXGroup;
			children = (
				6566BEB91980387400602447 /* Sounds */,
				6566BEBC1980387400602447 /* sprites.atlas */,
			);
			path = SpriteKitSimpleGameResources;
			sourceTree = "<group>";
		};
		6566BEB91980387400602447 /* Sounds */ = {
			isa = PBXGroup;
			children = (
				6566BEBA1980387400602447 /* background-music-aac.caf */,
				6566BEBB1980387400602447 /* pew-pew-lei.caf */,
			);
			path = Sounds;
			sourceTree = "<group>";
		};
/* End PBXGroup section */

/* Begin PBXNativeTarget section */
		6566BE7819802D5D00602447 /* CosmicBlast */ = {
			isa = PBXNativeTarget;
			buildConfigurationList = 6566BEB219802D5D00602447 /* Build configuration list for PBXNativeTarget "CosmicBlast" */;
			buildPhases = (
				6566BE7519802D5D00602447 /* Sources */,
				6566BE7619802D5D00602447 /* Frameworks */,
				6566BE7719802D5D00602447 /* Resources */,
			);
			buildRules = (
			);
			dependencies = (
			);
			name = CosmicBlast;
			productName = CosmicBlast;
			productReference = 6566BE7919802D5D00602447 /* CosmicBlast.app */;
			productType = "com.apple.product-type.application";
		};
		6566BEA019802D5D00602447 /* CosmicBlastTests */ = {
			isa = PBXNativeTarget;
			buildConfigurationList = 6566BEB519802D5D00602447 /* Build configuration list for PBXNativeTarget "CosmicBlastTests" */;
			buildPhases = (
				6566BE9D19802D5D00602447 /* Sources */,
				6566BE9E19802D5D00602447 /* Frameworks */,
				6566BE9F19802D5D00602447 /* Resources */,
			);
			buildRules = (
			);
			dependencies = (
				6566BEA719802D5D00602447 /* PBXTargetDependency */,
			);
			name = CosmicBlastTests;
			productName = CosmicBlastTests;
			productReference = 6566BEA119802D5D00602447 /* CosmicBlastTests.xctest */;
			productType = "com.apple.product-type.bundle.unit-test";
		};
/* End PBXNativeTarget section */

/* Begin PBXProject section */
		6566BE7119802D5D00602447 /* Project object */ = {
			isa = PBXProject;
			attributes = {
				CLASSPREFIX = CB;
				LastUpgradeCheck = 0510;
				ORGANIZATIONNAME = "Teddy Kitchen";
				TargetAttributes = {
					6566BE7819802D5D00602447 = {
						DevelopmentTeam = 6H85QC2SF2;
					};
					6566BEA019802D5D00602447 = {
						TestTargetID = 6566BE7819802D5D00602447;
					};
				};
			};
			buildConfigurationList = 6566BE7419802D5D00602447 /* Build configuration list for PBXProject "CosmicBlast" */;
			compatibilityVersion = "Xcode 3.2";
			developmentRegion = English;
			hasScannedForEncodings = 0;
			knownRegions = (
				en,
				Base,
			);
			mainGroup = 6566BE7019802D5D00602447;
			productRefGroup = 6566BE7A19802D5D00602447 /* Products */;
			projectDirPath = "";
			projectRoot = "";
			targets = (
				6566BE7819802D5D00602447 /* CosmicBlast */,
				6566BEA019802D5D00602447 /* CosmicBlastTests */,
			);
		};
/* End PBXProject section */

/* Begin PBXResourcesBuildPhase section */
		6566BE7719802D5D00602447 /* Resources */ = {
			isa = PBXResourcesBuildPhase;
			buildActionMask = 2147483647;
			files = (
				6566BEBF1980387400602447 /* sprites.atlas in Resources */,
				6566BEBD1980387400602447 /* background-music-aac.caf in Resources */,
				6566BE8919802D5D00602447 /* InfoPlist.strings in Resources */,
				65EBF13419A9731000F0BA37 /* Background.png in Resources */,
				6566BE9C19802D5D00602447 /* Images.xcassets in Resources */,
				6566BE9A19802D5D00602447 /* Spaceship.png in Resources */,
				6566BE9219802D5D00602447 /* Main.storyboard in Resources */,
				65F1DCA5199046A500701865 /* up.png in Resources */,
				6566BEBE1980387400602447 /* pew-pew-lei.caf in Resources */,
			);
			runOnlyForDeploymentPostprocessing = 0;
		};
		6566BE9F19802D5D00602447 /* Resources */ = {
			isa = PBXResourcesBuildPhase;
			buildActionMask = 2147483647;
			files = (
				6566BEAD19802D5D00602447 /* InfoPlist.strings in Resources */,
			);
			runOnlyForDeploymentPostprocessing = 0;
		};
/* End PBXResourcesBuildPhase section */

/* Begin PBXSourcesBuildPhase section */
		6566BE7519802D5D00602447 /* Sources */ = {
			isa = PBXSourcesBuildPhase;
			buildActionMask = 2147483647;
			files = (
				6566BE8B19802D5D00602447 /* main.m in Sources */,
				6566BE8F19802D5D00602447 /* CBAppDelegate.m in Sources */,
				6566BE9519802D5D00602447 /* CBViewController.m in Sources */,
				65FDF3B119A996B200D4269C /* CBEnemy.m in Sources */,
				6566BE9819802D5D00602447 /* CBMyScene.m in Sources */,
				6515FAD419AFB6DE00E82568 /* CBVectorMath.m in Sources */,
				65EBF13719A97AD400F0BA37 /* CBWorld.m in Sources */,
				6515FAD719AFD25800E82568 /* CBPlayer.m in Sources */,
			);
			runOnlyForDeploymentPostprocessing = 0;
		};
		6566BE9D19802D5D00602447 /* Sources */ = {
			isa = PBXSourcesBuildPhase;
			buildActionMask = 2147483647;
			files = (
				6566BEAF19802D5D00602447 /* CosmicBlastTests.m in Sources */,
			);
			runOnlyForDeploymentPostprocessing = 0;
		};
/* End PBXSourcesBuildPhase section */

/* Begin PBXTargetDependency section */
		6566BEA719802D5D00602447 /* PBXTargetDependency */ = {
			isa = PBXTargetDependency;
			target = 6566BE7819802D5D00602447 /* CosmicBlast */;
			targetProxy = 6566BEA619802D5D00602447 /* PBXContainerItemProxy */;
		};
/* End PBXTargetDependency section */

/* Begin PBXVariantGroup section */
		6566BE8719802D5D00602447 /* InfoPlist.strings */ = {
			isa = PBXVariantGroup;
			children = (
				6566BE8819802D5D00602447 /* en */,
			);
			name = InfoPlist.strings;
			sourceTree = "<group>";
		};
		6566BE9019802D5D00602447 /* Main.storyboard */ = {
			isa = PBXVariantGroup;
			children = (
				6566BE9119802D5D00602447 /* Base */,
			);
			name = Main.storyboard;
			sourceTree = "<group>";
		};
		6566BEAB19802D5D00602447 /* InfoPlist.strings */ = {
			isa = PBXVariantGroup;
			children = (
				6566BEAC19802D5D00602447 /* en */,
			);
			name = InfoPlist.strings;
			sourceTree = "<group>";
		};
/* End PBXVariantGroup section */

/* Begin XCBuildConfiguration section */
		6566BEB019802D5D00602447 /* Debug */ = {
			isa = XCBuildConfiguration;
			buildSettings = {
				ALWAYS_SEARCH_USER_PATHS = NO;
				CLANG_CXX_LANGUAGE_STANDARD = "gnu++0x";
				CLANG_CXX_LIBRARY = "libc++";
				CLANG_ENABLE_MODULES = YES;
				CLANG_ENABLE_OBJC_ARC = YES;
				CLANG_WARN_BOOL_CONVERSION = YES;
				CLANG_WARN_CONSTANT_CONVERSION = YES;
				CLANG_WARN_DIRECT_OBJC_ISA_USAGE = YES_ERROR;
				CLANG_WARN_EMPTY_BODY = YES;
				CLANG_WARN_ENUM_CONVERSION = YES;
				CLANG_WARN_INT_CONVERSION = YES;
				CLANG_WARN_OBJC_ROOT_CLASS = YES_ERROR;
				CLANG_WARN__DUPLICATE_METHOD_MATCH = YES;
				"CODE_SIGN_IDENTITY[sdk=iphoneos*]" = "iPhone Developer";
				COPY_PHASE_STRIP = NO;
				GCC_C_LANGUAGE_STANDARD = gnu99;
				GCC_DYNAMIC_NO_PIC = NO;
				GCC_OPTIMIZATION_LEVEL = 0;
				GCC_PREPROCESSOR_DEFINITIONS = (
					"DEBUG=1",
					"$(inherited)",
				);
				GCC_SYMBOLS_PRIVATE_EXTERN = NO;
				GCC_WARN_64_TO_32_BIT_CONVERSION = YES;
				GCC_WARN_ABOUT_RETURN_TYPE = YES_ERROR;
				GCC_WARN_UNDECLARED_SELECTOR = YES;
				GCC_WARN_UNINITIALIZED_AUTOS = YES_AGGRESSIVE;
				GCC_WARN_UNUSED_FUNCTION = YES;
				GCC_WARN_UNUSED_VARIABLE = YES;
				IPHONEOS_DEPLOYMENT_TARGET = 7.1;
				ONLY_ACTIVE_ARCH = YES;
				SDKROOT = iphoneos;
			};
			name = Debug;
		};
		6566BEB119802D5D00602447 /* Release */ = {
			isa = XCBuildConfiguration;
			buildSettings = {
				ALWAYS_SEARCH_USER_PATHS = NO;
				CLANG_CXX_LANGUAGE_STANDARD = "gnu++0x";
				CLANG_CXX_LIBRARY = "libc++";
				CLANG_ENABLE_MODULES = YES;
				CLANG_ENABLE_OBJC_ARC = YES;
				CLANG_WARN_BOOL_CONVERSION = YES;
				CLANG_WARN_CONSTANT_CONVERSION = YES;
				CLANG_WARN_DIRECT_OBJC_ISA_USAGE = YES_ERROR;
				CLANG_WARN_EMPTY_BODY = YES;
				CLANG_WARN_ENUM_CONVERSION = YES;
				CLANG_WARN_INT_CONVERSION = YES;
				CLANG_WARN_OBJC_ROOT_CLASS = YES_ERROR;
				CLANG_WARN__DUPLICATE_METHOD_MATCH = YES;
				"CODE_SIGN_IDENTITY[sdk=iphoneos*]" = "iPhone Developer";
				COPY_PHASE_STRIP = YES;
				ENABLE_NS_ASSERTIONS = NO;
				GCC_C_LANGUAGE_STANDARD = gnu99;
				GCC_WARN_64_TO_32_BIT_CONVERSION = YES;
				GCC_WARN_ABOUT_RETURN_TYPE = YES_ERROR;
				GCC_WARN_UNDECLARED_SELECTOR = YES;
				GCC_WARN_UNINITIALIZED_AUTOS = YES_AGGRESSIVE;
				GCC_WARN_UNUSED_FUNCTION = YES;
				GCC_WARN_UNUSED_VARIABLE = YES;
				IPHONEOS_DEPLOYMENT_TARGET = 7.1;
				SDKROOT = iphoneos;
				VALIDATE_PRODUCT = YES;
			};
			name = Release;
		};
		6566BEB319802D5D00602447 /* Debug */ = {
			isa = XCBuildConfiguration;
			buildSettings = {
				ASSETCATALOG_COMPILER_APPICON_NAME = AppIcon;
				ASSETCATALOG_COMPILER_LAUNCHIMAGE_NAME = LaunchImage;
				CODE_SIGN_IDENTITY = "iPhone Developer";
				"CODE_SIGN_IDENTITY[sdk=iphoneos*]" = "iPhone Developer";
				GCC_PRECOMPILE_PREFIX_HEADER = YES;
				GCC_PREFIX_HEADER = "CosmicBlast/CosmicBlast-Prefix.pch";
				INFOPLIST_FILE = "CosmicBlast/CosmicBlast-Info.plist";
				PRODUCT_NAME = "$(TARGET_NAME)";
				PROVISIONING_PROFILE = "";
				SPRITEKIT_TEXTURE_ATLAS_OUTPUT = YES;
				WRAPPER_EXTENSION = app;
			};
			name = Debug;
		};
		6566BEB419802D5D00602447 /* Release */ = {
			isa = XCBuildConfiguration;
			buildSettings = {
				ASSETCATALOG_COMPILER_APPICON_NAME = AppIcon;
				ASSETCATALOG_COMPILER_LAUNCHIMAGE_NAME = LaunchImage;
				CODE_SIGN_IDENTITY = "iPhone Developer";
				"CODE_SIGN_IDENTITY[sdk=iphoneos*]" = "iPhone Developer";
				GCC_PRECOMPILE_PREFIX_HEADER = YES;
				GCC_PREFIX_HEADER = "CosmicBlast/CosmicBlast-Prefix.pch";
				INFOPLIST_FILE = "CosmicBlast/CosmicBlast-Info.plist";
				PRODUCT_NAME = "$(TARGET_NAME)";
				PROVISIONING_PROFILE = "";
				SPRITEKIT_TEXTURE_ATLAS_OUTPUT = YES;
				WRAPPER_EXTENSION = app;
			};
			name = Release;
		};
		6566BEB619802D5D00602447 /* Debug */ = {
			isa = XCBuildConfiguration;
			buildSettings = {
				BUNDLE_LOADER = "$(BUILT_PRODUCTS_DIR)/CosmicBlast.app/CosmicBlast";
				FRAMEWORK_SEARCH_PATHS = (
					"$(SDKROOT)/Developer/Library/Frameworks",
					"$(inherited)",
					"$(DEVELOPER_FRAMEWORKS_DIR)",
				);
				GCC_PRECOMPILE_PREFIX_HEADER = YES;
				GCC_PREFIX_HEADER = "CosmicBlast/CosmicBlast-Prefix.pch";
				GCC_PREPROCESSOR_DEFINITIONS = (
					"DEBUG=1",
					"$(inherited)",
				);
				INFOPLIST_FILE = "CosmicBlastTests/CosmicBlastTests-Info.plist";
				PRODUCT_NAME = "$(TARGET_NAME)";
				TEST_HOST = "$(BUNDLE_LOADER)";
				WRAPPER_EXTENSION = xctest;
			};
			name = Debug;
		};
		6566BEB719802D5D00602447 /* Release */ = {
			isa = XCBuildConfiguration;
			buildSettings = {
				BUNDLE_LOADER = "$(BUILT_PRODUCTS_DIR)/CosmicBlast.app/CosmicBlast";
				FRAMEWORK_SEARCH_PATHS = (
					"$(SDKROOT)/Developer/Library/Frameworks",
					"$(inherited)",
					"$(DEVELOPER_FRAMEWORKS_DIR)",
				);
				GCC_PRECOMPILE_PREFIX_HEADER = YES;
				GCC_PREFIX_HEADER = "CosmicBlast/CosmicBlast-Prefix.pch";
				INFOPLIST_FILE = "CosmicBlastTests/CosmicBlastTests-Info.plist";
				PRODUCT_NAME = "$(TARGET_NAME)";
				TEST_HOST = "$(BUNDLE_LOADER)";
				WRAPPER_EXTENSION = xctest;
			};
			name = Release;
		};
/* End XCBuildConfiguration section */

/* Begin XCConfigurationList section */
		6566BE7419802D5D00602447 /* Build configuration list for PBXProject "CosmicBlast" */ = {
			isa = XCConfigurationList;
			buildConfigurations = (
				6566BEB019802D5D00602447 /* Debug */,
				6566BEB119802D5D00602447 /* Release */,
			);
			defaultConfigurationIsVisible = 0;
			defaultConfigurationName = Release;
		};
		6566BEB219802D5D00602447 /* Build configuration list for PBXNativeTarget "CosmicBlast" */ = {
			isa = XCConfigurationList;
			buildConfigurations = (
				6566BEB319802D5D00602447 /* Debug */,
				6566BEB419802D5D00602447 /* Release */,
			);
			defaultConfigurationIsVisible = 0;
			defaultConfigurationName = Release;
		};
		6566BEB519802D5D00602447 /* Build configuration list for PBXNativeTarget "CosmicBlastTests" */ = {
			isa = XCConfigurationList;
			buildConfigurations = (
				6566BEB619802D5D00602447 /* Debug */,
				6566BEB719802D5D00602447 /* Release */,
			);
			defaultConfigurationIsVisible = 0;
			defaultConfigurationName = Release;
		};
/* End XCConfigurationList section */
	};
	rootObject = 6566BE7119802D5D00602447 /* Project object */;
}
