// !$*UTF8*$!
{
	archiveVersion = 1;
	classes = {
	};
	objectVersion = 47;
	objects = {

/* Begin PBXBuildFile section */
		6507900A1B9CD7DA00F9931F /* Background.png in Resources */ = {isa = PBXBuildFile; fileRef = 650790091B9CD7DA00F9931F /* Background.png */; };
		6507E14F1A5117DD00A3FADB /* CBMenuScene.m in Sources */ = {isa = PBXBuildFile; fileRef = 6507E14D1A5117DD00A3FADB /* CBMenuScene.m */; };
		6515FAD419AFB6DE00E82568 /* CBVectorMath.m in Sources */ = {isa = PBXBuildFile; fileRef = 6515FAD319AFB6DE00E82568 /* CBVectorMath.m */; };
		6515FAD719AFD25800E82568 /* CBPlayer.m in Sources */ = {isa = PBXBuildFile; fileRef = 6515FAD619AFD25800E82568 /* CBPlayer.m */; };
		65171B421DF0F012001F58E7 /* LevelsJSON.txt in Resources */ = {isa = PBXBuildFile; fileRef = 65171B411DF0F012001F58E7 /* LevelsJSON.txt */; };
		651A9EA61E36F88400BE254E /* Level-1.sks in Resources */ = {isa = PBXBuildFile; fileRef = 651A9EA51E36F88400BE254E /* Level-1.sks */; };
		6529D9721D061A0300A31762 /* checker.png in Resources */ = {isa = PBXBuildFile; fileRef = 6529D9711D061A0300A31762 /* checker.png */; };
		653761361E5DD3D400757AA8 /* CBTrap.m in Sources */ = {isa = PBXBuildFile; fileRef = 653761351E5DD3D400757AA8 /* CBTrap.m */; };
		654DC4151DFB5D860005002E /* CBWall.m in Sources */ = {isa = PBXBuildFile; fileRef = 654DC4141DFB5D860005002E /* CBWall.m */; };
		65545A8319C1443B005F1073 /* CBItem.m in Sources */ = {isa = PBXBuildFile; fileRef = 65545A8219C1443B005F1073 /* CBItem.m */; };
		65545A8619C14650005F1073 /* CBShuriken.m in Sources */ = {isa = PBXBuildFile; fileRef = 65545A8519C14650005F1073 /* CBShuriken.m */; };
		655D4D4E1B7955550055FEB1 /* CBStats.m in Sources */ = {isa = PBXBuildFile; fileRef = 655D4D4D1B7955550055FEB1 /* CBStats.m */; };
		655D4D511B7ADC5D0055FEB1 /* CBDataBase.m in Sources */ = {isa = PBXBuildFile; fileRef = 655D4D501B7ADC5D0055FEB1 /* CBDataBase.m */; };
		6566BE7D19802D5D00602447 /* Foundation.framework in Frameworks */ = {isa = PBXBuildFile; fileRef = 6566BE7C19802D5D00602447 /* Foundation.framework */; };
		6566BE7F19802D5D00602447 /* CoreGraphics.framework in Frameworks */ = {isa = PBXBuildFile; fileRef = 6566BE7E19802D5D00602447 /* CoreGraphics.framework */; };
		6566BE8119802D5D00602447 /* UIKit.framework in Frameworks */ = {isa = PBXBuildFile; fileRef = 6566BE8019802D5D00602447 /* UIKit.framework */; };
		6566BE8319802D5D00602447 /* SpriteKit.framework in Frameworks */ = {isa = PBXBuildFile; fileRef = 6566BE8219802D5D00602447 /* SpriteKit.framework */; };
		6566BE8919802D5D00602447 /* InfoPlist.strings in Resources */ = {isa = PBXBuildFile; fileRef = 6566BE8719802D5D00602447 /* InfoPlist.strings */; };
		6566BE8B19802D5D00602447 /* main.m in Sources */ = {isa = PBXBuildFile; fileRef = 6566BE8A19802D5D00602447 /* main.m */; };
		6566BE8F19802D5D00602447 /* CBAppDelegate.m in Sources */ = {isa = PBXBuildFile; fileRef = 6566BE8E19802D5D00602447 /* CBAppDelegate.m */; };
		6566BE9219802D5D00602447 /* Main.storyboard in Resources */ = {isa = PBXBuildFile; fileRef = 6566BE9019802D5D00602447 /* Main.storyboard */; };
		6566BE9519802D5D00602447 /* CBViewController.m in Sources */ = {isa = PBXBuildFile; fileRef = 6566BE9419802D5D00602447 /* CBViewController.m */; };
		6566BE9819802D5D00602447 /* CBMyScene.m in Sources */ = {isa = PBXBuildFile; fileRef = 6566BE9719802D5D00602447 /* CBMyScene.m */; };
		6566BE9C19802D5D00602447 /* Images.xcassets in Resources */ = {isa = PBXBuildFile; fileRef = 6566BE9B19802D5D00602447 /* Images.xcassets */; };
		6566BEA319802D5D00602447 /* XCTest.framework in Frameworks */ = {isa = PBXBuildFile; fileRef = 6566BEA219802D5D00602447 /* XCTest.framework */; };
		6566BEA419802D5D00602447 /* Foundation.framework in Frameworks */ = {isa = PBXBuildFile; fileRef = 6566BE7C19802D5D00602447 /* Foundation.framework */; };
		6566BEA519802D5D00602447 /* UIKit.framework in Frameworks */ = {isa = PBXBuildFile; fileRef = 6566BE8019802D5D00602447 /* UIKit.framework */; };
		6566BEAD19802D5D00602447 /* InfoPlist.strings in Resources */ = {isa = PBXBuildFile; fileRef = 6566BEAB19802D5D00602447 /* InfoPlist.strings */; };
		6566BEAF19802D5D00602447 /* CosmicBlastTests.m in Sources */ = {isa = PBXBuildFile; fileRef = 6566BEAE19802D5D00602447 /* CosmicBlastTests.m */; };
		6566BEBD1980387400602447 /* background-music-aac.caf in Resources */ = {isa = PBXBuildFile; fileRef = 6566BEBA1980387400602447 /* background-music-aac.caf */; };
		6566BEBE1980387400602447 /* pew-pew-lei.caf in Resources */ = {isa = PBXBuildFile; fileRef = 6566BEBB1980387400602447 /* pew-pew-lei.caf */; };
		6566BEBF1980387400602447 /* sprites.atlas in Resources */ = {isa = PBXBuildFile; fileRef = 6566BEBC1980387400602447 /* sprites.atlas */; };
		656ADE781DA47F1700766DB4 /* CBInstructionScene.m in Sources */ = {isa = PBXBuildFile; fileRef = 656ADE771DA47F1700766DB4 /* CBInstructionScene.m */; };
		657432D71CEBEEA900EB6864 /* Level1.sks in Resources */ = {isa = PBXBuildFile; fileRef = 657432D61CEBEEA900EB6864 /* Level1.sks */; };
		6579700F19BE43CE00E2B9D9 /* CBButtonBar.m in Sources */ = {isa = PBXBuildFile; fileRef = 6579700E19BE43CE00E2B9D9 /* CBButtonBar.m */; };
		6579701219BE43E200E2B9D9 /* CBButton.m in Sources */ = {isa = PBXBuildFile; fileRef = 6579701119BE43E200E2B9D9 /* CBButton.m */; };
		657F2EA61E67AB0500351A13 /* VerticlaWall.sks in Resources */ = {isa = PBXBuildFile; fileRef = 657F2EA51E67AB0500351A13 /* VerticlaWall.sks */; };
		65869F7B1A3A8C260076B9D4 /* CBHealthBar.m in Sources */ = {isa = PBXBuildFile; fileRef = 65869F7A1A3A8C260076B9D4 /* CBHealthBar.m */; };
		658BE5D91E5B9DCD00601C95 /* Level-5.sks in Resources */ = {isa = PBXBuildFile; fileRef = 658BE5D81E5B9DCD00601C95 /* Level-5.sks */; };
		658BE5DB1E5BAB7A00601C95 /* Level-6.sks in Resources */ = {isa = PBXBuildFile; fileRef = 658BE5DA1E5BAB7A00601C95 /* Level-6.sks */; };
		658BE5DD1E5BAB8900601C95 /* Level-7.sks in Resources */ = {isa = PBXBuildFile; fileRef = 658BE5DC1E5BAB8900601C95 /* Level-7.sks */; };
		658BE5DF1E5BAB9D00601C95 /* Level-8.sks in Resources */ = {isa = PBXBuildFile; fileRef = 658BE5DE1E5BAB9D00601C95 /* Level-8.sks */; };
		658BE5E11E5BABAE00601C95 /* Level-9.sks in Resources */ = {isa = PBXBuildFile; fileRef = 658BE5E01E5BABAE00601C95 /* Level-9.sks */; };
		658BE5E31E5BABB800601C95 /* Level-10.sks in Resources */ = {isa = PBXBuildFile; fileRef = 658BE5E21E5BABB800601C95 /* Level-10.sks */; };
		658BE5E51E5BABCA00601C95 /* Level-11.sks in Resources */ = {isa = PBXBuildFile; fileRef = 658BE5E41E5BABCA00601C95 /* Level-11.sks */; };
		658BE5E71E5BABD400601C95 /* Level-12.sks in Resources */ = {isa = PBXBuildFile; fileRef = 658BE5E61E5BABD400601C95 /* Level-12.sks */; };
		658BE5E91E5BABDF00601C95 /* Level-13.sks in Resources */ = {isa = PBXBuildFile; fileRef = 658BE5E81E5BABDF00601C95 /* Level-13.sks */; };
		658BE5EB1E5BABE800601C95 /* Level-14.sks in Resources */ = {isa = PBXBuildFile; fileRef = 658BE5EA1E5BABE800601C95 /* Level-14.sks */; };
		658BE5ED1E5BABF000601C95 /* Level-15.sks in Resources */ = {isa = PBXBuildFile; fileRef = 658BE5EC1E5BABF000601C95 /* Level-15.sks */; };
		658BE5EF1E5BABF800601C95 /* Level-16.sks in Resources */ = {isa = PBXBuildFile; fileRef = 658BE5EE1E5BABF800601C95 /* Level-16.sks */; };
		658BE5F11E5BAC0200601C95 /* Level-17.sks in Resources */ = {isa = PBXBuildFile; fileRef = 658BE5F01E5BAC0200601C95 /* Level-17.sks */; };
		658BE5F31E5BAC0C00601C95 /* Level-18.sks in Resources */ = {isa = PBXBuildFile; fileRef = 658BE5F21E5BAC0C00601C95 /* Level-18.sks */; };
		658BE5F51E5BAC1500601C95 /* Level-19.sks in Resources */ = {isa = PBXBuildFile; fileRef = 658BE5F41E5BAC1500601C95 /* Level-19.sks */; };
		658BE5F71E5BAC1B00601C95 /* Level-20.sks in Resources */ = {isa = PBXBuildFile; fileRef = 658BE5F61E5BAC1B00601C95 /* Level-20.sks */; };
		658FE4B01D21FB8B0057D641 /* GameSettingsViewController.swift in Sources */ = {isa = PBXBuildFile; fileRef = 658FE4AF1D21FB8B0057D641 /* GameSettingsViewController.swift */; };
		658FE4B21D21FBDA0057D641 /* StringUtilities.swift in Sources */ = {isa = PBXBuildFile; fileRef = 658FE4B11D21FBDA0057D641 /* StringUtilities.swift */; };
		658FE4BC1D22170E0057D641 /* GameDataModel.xcdatamodeld in Sources */ = {isa = PBXBuildFile; fileRef = 658FE4BA1D22170E0057D641 /* GameDataModel.xcdatamodeld */; };
		658FE4BF1D2217AD0057D641 /* WorldSettings+CoreDataProperties.swift in Sources */ = {isa = PBXBuildFile; fileRef = 658FE4BD1D2217AD0057D641 /* WorldSettings+CoreDataProperties.swift */; };
		658FE4C01D2217AD0057D641 /* WorldSettings.swift in Sources */ = {isa = PBXBuildFile; fileRef = 658FE4BE1D2217AD0057D641 /* WorldSettings.swift */; };
		658FE4C21D2218010057D641 /* DataController.swift in Sources */ = {isa = PBXBuildFile; fileRef = 658FE4C11D2218010057D641 /* DataController.swift */; };
		658FE4C41D236B540057D641 /* DatabaseManager.swift in Sources */ = {isa = PBXBuildFile; fileRef = 658FE4C31D236B540057D641 /* DatabaseManager.swift */; };
		65977D561CD5232400BFEAB9 /* LaunchScreen.storyboard in Resources */ = {isa = PBXBuildFile; fileRef = 65977D551CD5232400BFEAB9 /* LaunchScreen.storyboard */; };
		65A70F761E4E1E54007D3CC4 /* DSMultilineLabelNode.m in Sources */ = {isa = PBXBuildFile; fileRef = 65A70F751E4E1E54007D3CC4 /* DSMultilineLabelNode.m */; };
		65ADBEE71E66593200DD50B8 /* HorizontalWall.sks in Resources */ = {isa = PBXBuildFile; fileRef = 65ADBEE61E66593200DD50B8 /* HorizontalWall.sks */; };
		65AF0B7A1E3AD6B8008DDE91 /* Level-2.sks in Resources */ = {isa = PBXBuildFile; fileRef = 65AF0B791E3AD6B8008DDE91 /* Level-2.sks */; };
		65AF0B7D1E3AD9BB008DDE91 /* Level-3.sks in Resources */ = {isa = PBXBuildFile; fileRef = 65AF0B7C1E3AD9BB008DDE91 /* Level-3.sks */; };
		65AF0B7F1E3ADA40008DDE91 /* Level-4.sks in Resources */ = {isa = PBXBuildFile; fileRef = 65AF0B7E1E3ADA40008DDE91 /* Level-4.sks */; };
		65B792EC1CD6CDAE00FC7A28 /* MainMenuViewController.swift in Sources */ = {isa = PBXBuildFile; fileRef = 65B792EB1CD6CDAE00FC7A28 /* MainMenuViewController.swift */; };
		65BA8A8419B8E187003DCDD9 /* CBWalker.m in Sources */ = {isa = PBXBuildFile; fileRef = 65BA8A8319B8E187003DCDD9 /* CBWalker.m */; };
		65BA8A8719B8E4B6003DCDD9 /* CBEnemyUnit.m in Sources */ = {isa = PBXBuildFile; fileRef = 65BA8A8619B8E4B6003DCDD9 /* CBEnemyUnit.m */; };
		65D9B93F1CFFC1BE00A808BD /* GameValues.swift in Sources */ = {isa = PBXBuildFile; fileRef = 65D9B93E1CFFC1BE00A808BD /* GameValues.swift */; };
		65E01BC61D5A736500AF5AAD /* LevelData.swift in Sources */ = {isa = PBXBuildFile; fileRef = 65E01BC51D5A736500AF5AAD /* LevelData.swift */; };
		65E620961DE6288F0089602A /* CBTiltVisualizer.m in Sources */ = {isa = PBXBuildFile; fileRef = 65E620951DE6288F0089602A /* CBTiltVisualizer.m */; };
		65EBF13719A97AD400F0BA37 /* CBWorld.m in Sources */ = {isa = PBXBuildFile; fileRef = 65EBF13619A97AD400F0BA37 /* CBWorld.m */; };
		65F42C301AB7B79B001DA12A /* CBLogger.m in Sources */ = {isa = PBXBuildFile; fileRef = 65F42C2F1AB7B79B001DA12A /* CBLogger.m */; };
		65FDF3B119A996B200D4269C /* CBEnemy.m in Sources */ = {isa = PBXBuildFile; fileRef = 65FDF3B019A996B200D4269C /* CBEnemy.m */; };
		E70971E4EA9DFBF36DBFB0A9 /* Pods_CosmicBlast.framework in Frameworks */ = {isa = PBXBuildFile; fileRef = A4DC601E5481EB2FCFC7F565 /* Pods_CosmicBlast.framework */; };
/* End PBXBuildFile section */

/* Begin PBXContainerItemProxy section */
		6566BEA619802D5D00602447 /* PBXContainerItemProxy */ = {
			isa = PBXContainerItemProxy;
			containerPortal = 6566BE7119802D5D00602447 /* Project object */;
			proxyType = 1;
			remoteGlobalIDString = 6566BE7819802D5D00602447;
			remoteInfo = CosmicBlast;
		};
/* End PBXContainerItemProxy section */

/* Begin PBXFileReference section */
		50C347D2E87466F5C9AFE141 /* Pods-CosmicBlast.debug.xcconfig */ = {isa = PBXFileReference; includeInIndex = 1; lastKnownFileType = text.xcconfig; name = "Pods-CosmicBlast.debug.xcconfig"; path = "Pods/Target Support Files/Pods-CosmicBlast/Pods-CosmicBlast.debug.xcconfig"; sourceTree = "<group>"; };
		650790091B9CD7DA00F9931F /* Background.png */ = {isa = PBXFileReference; lastKnownFileType = image.png; path = Background.png; sourceTree = "<group>"; };
		6507E14D1A5117DD00A3FADB /* CBMenuScene.m */ = {isa = PBXFileReference; fileEncoding = 4; lastKnownFileType = sourcecode.c.objc; path = CBMenuScene.m; sourceTree = "<group>"; };
		6507E14E1A5117DD00A3FADB /* CBMenuScene.h */ = {isa = PBXFileReference; fileEncoding = 4; lastKnownFileType = sourcecode.c.h; path = CBMenuScene.h; sourceTree = "<group>"; };
		6515FAD219AFB6DE00E82568 /* CBVectorMath.h */ = {isa = PBXFileReference; fileEncoding = 4; lastKnownFileType = sourcecode.c.h; path = CBVectorMath.h; sourceTree = "<group>"; };
		6515FAD319AFB6DE00E82568 /* CBVectorMath.m */ = {isa = PBXFileReference; fileEncoding = 4; lastKnownFileType = sourcecode.c.objc; path = CBVectorMath.m; sourceTree = "<group>"; };
		6515FAD519AFD25800E82568 /* CBPlayer.h */ = {isa = PBXFileReference; fileEncoding = 4; lastKnownFileType = sourcecode.c.h; path = CBPlayer.h; sourceTree = "<group>"; };
		6515FAD619AFD25800E82568 /* CBPlayer.m */ = {isa = PBXFileReference; fileEncoding = 4; lastKnownFileType = sourcecode.c.objc; path = CBPlayer.m; sourceTree = "<group>"; };
		65171B411DF0F012001F58E7 /* LevelsJSON.txt */ = {isa = PBXFileReference; fileEncoding = 4; lastKnownFileType = text; path = LevelsJSON.txt; sourceTree = "<group>"; };
		651A9EA51E36F88400BE254E /* Level-1.sks */ = {isa = PBXFileReference; lastKnownFileType = file.sks; path = "Level-1.sks"; sourceTree = "<group>"; };
		6529D9711D061A0300A31762 /* checker.png */ = {isa = PBXFileReference; lastKnownFileType = image.png; path = checker.png; sourceTree = "<group>"; };
		652D56701D01017500AF13C3 /* CBButtonDelegate.h */ = {isa = PBXFileReference; lastKnownFileType = sourcecode.c.h; name = CBButtonDelegate.h; path = ../CBButtonDelegate.h; sourceTree = "<group>"; };
		653761341E5DD3D400757AA8 /* CBTrap.h */ = {isa = PBXFileReference; fileEncoding = 4; lastKnownFileType = sourcecode.c.h; path = CBTrap.h; sourceTree = "<group>"; };
		653761351E5DD3D400757AA8 /* CBTrap.m */ = {isa = PBXFileReference; fileEncoding = 4; lastKnownFileType = sourcecode.c.objc; path = CBTrap.m; sourceTree = "<group>"; };
		654DC4131DFB5D860005002E /* CBWall.h */ = {isa = PBXFileReference; fileEncoding = 4; lastKnownFileType = sourcecode.c.h; path = CBWall.h; sourceTree = "<group>"; };
		654DC4141DFB5D860005002E /* CBWall.m */ = {isa = PBXFileReference; fileEncoding = 4; lastKnownFileType = sourcecode.c.objc; path = CBWall.m; sourceTree = "<group>"; };
		65545A8119C1443B005F1073 /* CBItem.h */ = {isa = PBXFileReference; fileEncoding = 4; lastKnownFileType = sourcecode.c.h; path = CBItem.h; sourceTree = "<group>"; };
		65545A8219C1443B005F1073 /* CBItem.m */ = {isa = PBXFileReference; fileEncoding = 4; lastKnownFileType = sourcecode.c.objc; path = CBItem.m; sourceTree = "<group>"; };
		65545A8419C14650005F1073 /* CBShuriken.h */ = {isa = PBXFileReference; fileEncoding = 4; lastKnownFileType = sourcecode.c.h; path = CBShuriken.h; sourceTree = "<group>"; };
		65545A8519C14650005F1073 /* CBShuriken.m */ = {isa = PBXFileReference; fileEncoding = 4; lastKnownFileType = sourcecode.c.objc; path = CBShuriken.m; sourceTree = "<group>"; };
		655D4D4C1B7955550055FEB1 /* CBStats.h */ = {isa = PBXFileReference; fileEncoding = 4; lastKnownFileType = sourcecode.c.h; path = CBStats.h; sourceTree = "<group>"; };
		655D4D4D1B7955550055FEB1 /* CBStats.m */ = {isa = PBXFileReference; fileEncoding = 4; lastKnownFileType = sourcecode.c.objc; path = CBStats.m; sourceTree = "<group>"; };
		655D4D4F1B7ADC5D0055FEB1 /* CBDataBase.h */ = {isa = PBXFileReference; fileEncoding = 4; lastKnownFileType = sourcecode.c.h; path = CBDataBase.h; sourceTree = "<group>"; };
		655D4D501B7ADC5D0055FEB1 /* CBDataBase.m */ = {isa = PBXFileReference; fileEncoding = 4; lastKnownFileType = sourcecode.c.objc; path = CBDataBase.m; sourceTree = "<group>"; };
		6566BE7919802D5D00602447 /* CosmicBlast.app */ = {isa = PBXFileReference; explicitFileType = wrapper.application; includeInIndex = 0; path = CosmicBlast.app; sourceTree = BUILT_PRODUCTS_DIR; };
		6566BE7C19802D5D00602447 /* Foundation.framework */ = {isa = PBXFileReference; lastKnownFileType = wrapper.framework; name = Foundation.framework; path = System/Library/Frameworks/Foundation.framework; sourceTree = SDKROOT; };
		6566BE7E19802D5D00602447 /* CoreGraphics.framework */ = {isa = PBXFileReference; lastKnownFileType = wrapper.framework; name = CoreGraphics.framework; path = System/Library/Frameworks/CoreGraphics.framework; sourceTree = SDKROOT; };
		6566BE8019802D5D00602447 /* UIKit.framework */ = {isa = PBXFileReference; lastKnownFileType = wrapper.framework; name = UIKit.framework; path = System/Library/Frameworks/UIKit.framework; sourceTree = SDKROOT; };
		6566BE8219802D5D00602447 /* SpriteKit.framework */ = {isa = PBXFileReference; lastKnownFileType = wrapper.framework; name = SpriteKit.framework; path = System/Library/Frameworks/SpriteKit.framework; sourceTree = SDKROOT; };
		6566BE8619802D5D00602447 /* CosmicBlast-Info.plist */ = {isa = PBXFileReference; lastKnownFileType = text.plist.xml; path = "CosmicBlast-Info.plist"; sourceTree = "<group>"; };
		6566BE8819802D5D00602447 /* en */ = {isa = PBXFileReference; lastKnownFileType = text.plist.strings; name = en; path = en.lproj/InfoPlist.strings; sourceTree = "<group>"; };
		6566BE8A19802D5D00602447 /* main.m */ = {isa = PBXFileReference; lastKnownFileType = sourcecode.c.objc; path = main.m; sourceTree = "<group>"; };
		6566BE8C19802D5D00602447 /* CosmicBlast-Prefix.pch */ = {isa = PBXFileReference; lastKnownFileType = sourcecode.c.h; path = "CosmicBlast-Prefix.pch"; sourceTree = "<group>"; };
		6566BE8D19802D5D00602447 /* CBAppDelegate.h */ = {isa = PBXFileReference; lastKnownFileType = sourcecode.c.h; path = CBAppDelegate.h; sourceTree = "<group>"; };
		6566BE8E19802D5D00602447 /* CBAppDelegate.m */ = {isa = PBXFileReference; lastKnownFileType = sourcecode.c.objc; path = CBAppDelegate.m; sourceTree = "<group>"; };
		6566BE9119802D5D00602447 /* Base */ = {isa = PBXFileReference; lastKnownFileType = file.storyboard; name = Base; path = Base.lproj/Main.storyboard; sourceTree = "<group>"; };
		6566BE9319802D5D00602447 /* CBViewController.h */ = {isa = PBXFileReference; lastKnownFileType = sourcecode.c.h; path = CBViewController.h; sourceTree = "<group>"; };
		6566BE9419802D5D00602447 /* CBViewController.m */ = {isa = PBXFileReference; lastKnownFileType = sourcecode.c.objc; path = CBViewController.m; sourceTree = "<group>"; };
		6566BE9619802D5D00602447 /* CBMyScene.h */ = {isa = PBXFileReference; lastKnownFileType = sourcecode.c.h; path = CBMyScene.h; sourceTree = "<group>"; };
		6566BE9719802D5D00602447 /* CBMyScene.m */ = {isa = PBXFileReference; lastKnownFileType = sourcecode.c.objc; path = CBMyScene.m; sourceTree = "<group>"; };
		6566BE9B19802D5D00602447 /* Images.xcassets */ = {isa = PBXFileReference; lastKnownFileType = folder.assetcatalog; path = Images.xcassets; sourceTree = "<group>"; };
		6566BEA119802D5D00602447 /* CosmicBlastTests.xctest */ = {isa = PBXFileReference; explicitFileType = wrapper.cfbundle; includeInIndex = 0; path = CosmicBlastTests.xctest; sourceTree = BUILT_PRODUCTS_DIR; };
		6566BEA219802D5D00602447 /* XCTest.framework */ = {isa = PBXFileReference; lastKnownFileType = wrapper.framework; name = XCTest.framework; path = Library/Frameworks/XCTest.framework; sourceTree = DEVELOPER_DIR; };
		6566BEAA19802D5D00602447 /* CosmicBlastTests-Info.plist */ = {isa = PBXFileReference; lastKnownFileType = text.plist.xml; path = "CosmicBlastTests-Info.plist"; sourceTree = "<group>"; };
		6566BEAC19802D5D00602447 /* en */ = {isa = PBXFileReference; lastKnownFileType = text.plist.strings; name = en; path = en.lproj/InfoPlist.strings; sourceTree = "<group>"; };
		6566BEAE19802D5D00602447 /* CosmicBlastTests.m */ = {isa = PBXFileReference; lastKnownFileType = sourcecode.c.objc; path = CosmicBlastTests.m; sourceTree = "<group>"; };
		6566BEBA1980387400602447 /* background-music-aac.caf */ = {isa = PBXFileReference; lastKnownFileType = file; path = "background-music-aac.caf"; sourceTree = "<group>"; };
		6566BEBB1980387400602447 /* pew-pew-lei.caf */ = {isa = PBXFileReference; lastKnownFileType = file; path = "pew-pew-lei.caf"; sourceTree = "<group>"; };
		6566BEBC1980387400602447 /* sprites.atlas */ = {isa = PBXFileReference; lastKnownFileType = folder.skatlas; path = sprites.atlas; sourceTree = "<group>"; };
		656ADE761DA47F1700766DB4 /* CBInstructionScene.h */ = {isa = PBXFileReference; fileEncoding = 4; lastKnownFileType = sourcecode.c.h; path = CBInstructionScene.h; sourceTree = "<group>"; };
		656ADE771DA47F1700766DB4 /* CBInstructionScene.m */ = {isa = PBXFileReference; fileEncoding = 4; lastKnownFileType = sourcecode.c.objc; path = CBInstructionScene.m; sourceTree = "<group>"; };
		657432D61CEBEEA900EB6864 /* Level1.sks */ = {isa = PBXFileReference; lastKnownFileType = file.sks; path = Level1.sks; sourceTree = "<group>"; };
		6579700D19BE43CE00E2B9D9 /* CBButtonBar.h */ = {isa = PBXFileReference; fileEncoding = 4; lastKnownFileType = sourcecode.c.h; path = CBButtonBar.h; sourceTree = "<group>"; };
		6579700E19BE43CE00E2B9D9 /* CBButtonBar.m */ = {isa = PBXFileReference; fileEncoding = 4; lastKnownFileType = sourcecode.c.objc; path = CBButtonBar.m; sourceTree = "<group>"; };
		6579701019BE43E200E2B9D9 /* CBButton.h */ = {isa = PBXFileReference; fileEncoding = 4; lastKnownFileType = sourcecode.c.h; path = CBButton.h; sourceTree = "<group>"; };
		6579701119BE43E200E2B9D9 /* CBButton.m */ = {isa = PBXFileReference; fileEncoding = 4; lastKnownFileType = sourcecode.c.objc; path = CBButton.m; sourceTree = "<group>"; };
		657F2EA51E67AB0500351A13 /* VerticlaWall.sks */ = {isa = PBXFileReference; lastKnownFileType = file.sks; path = VerticlaWall.sks; sourceTree = "<group>"; };
		65869F791A3A8C260076B9D4 /* CBHealthBar.h */ = {isa = PBXFileReference; fileEncoding = 4; lastKnownFileType = sourcecode.c.h; path = CBHealthBar.h; sourceTree = "<group>"; };
		65869F7A1A3A8C260076B9D4 /* CBHealthBar.m */ = {isa = PBXFileReference; fileEncoding = 4; lastKnownFileType = sourcecode.c.objc; path = CBHealthBar.m; sourceTree = "<group>"; };
		658BE5D81E5B9DCD00601C95 /* Level-5.sks */ = {isa = PBXFileReference; lastKnownFileType = file.sks; path = "Level-5.sks"; sourceTree = "<group>"; };
		658BE5DA1E5BAB7A00601C95 /* Level-6.sks */ = {isa = PBXFileReference; lastKnownFileType = file.sks; path = "Level-6.sks"; sourceTree = "<group>"; };
		658BE5DC1E5BAB8900601C95 /* Level-7.sks */ = {isa = PBXFileReference; lastKnownFileType = file.sks; path = "Level-7.sks"; sourceTree = "<group>"; };
		658BE5DE1E5BAB9D00601C95 /* Level-8.sks */ = {isa = PBXFileReference; lastKnownFileType = file.sks; path = "Level-8.sks"; sourceTree = "<group>"; };
		658BE5E01E5BABAE00601C95 /* Level-9.sks */ = {isa = PBXFileReference; lastKnownFileType = file.sks; path = "Level-9.sks"; sourceTree = "<group>"; };
		658BE5E21E5BABB800601C95 /* Level-10.sks */ = {isa = PBXFileReference; lastKnownFileType = file.sks; path = "Level-10.sks"; sourceTree = "<group>"; };
		658BE5E41E5BABCA00601C95 /* Level-11.sks */ = {isa = PBXFileReference; lastKnownFileType = file.sks; path = "Level-11.sks"; sourceTree = "<group>"; };
		658BE5E61E5BABD400601C95 /* Level-12.sks */ = {isa = PBXFileReference; lastKnownFileType = file.sks; path = "Level-12.sks"; sourceTree = "<group>"; };
		658BE5E81E5BABDF00601C95 /* Level-13.sks */ = {isa = PBXFileReference; lastKnownFileType = file.sks; path = "Level-13.sks"; sourceTree = "<group>"; };
		658BE5EA1E5BABE800601C95 /* Level-14.sks */ = {isa = PBXFileReference; lastKnownFileType = file.sks; path = "Level-14.sks"; sourceTree = "<group>"; };
		658BE5EC1E5BABF000601C95 /* Level-15.sks */ = {isa = PBXFileReference; lastKnownFileType = file.sks; path = "Level-15.sks"; sourceTree = "<group>"; };
		658BE5EE1E5BABF800601C95 /* Level-16.sks */ = {isa = PBXFileReference; lastKnownFileType = file.sks; path = "Level-16.sks"; sourceTree = "<group>"; };
		658BE5F01E5BAC0200601C95 /* Level-17.sks */ = {isa = PBXFileReference; lastKnownFileType = file.sks; path = "Level-17.sks"; sourceTree = "<group>"; };
		658BE5F21E5BAC0C00601C95 /* Level-18.sks */ = {isa = PBXFileReference; lastKnownFileType = file.sks; path = "Level-18.sks"; sourceTree = "<group>"; };
		658BE5F41E5BAC1500601C95 /* Level-19.sks */ = {isa = PBXFileReference; lastKnownFileType = file.sks; path = "Level-19.sks"; sourceTree = "<group>"; };
		658BE5F61E5BAC1B00601C95 /* Level-20.sks */ = {isa = PBXFileReference; lastKnownFileType = file.sks; path = "Level-20.sks"; sourceTree = "<group>"; };
		658FE4AF1D21FB8B0057D641 /* GameSettingsViewController.swift */ = {isa = PBXFileReference; fileEncoding = 4; lastKnownFileType = sourcecode.swift; path = GameSettingsViewController.swift; sourceTree = "<group>"; };
		658FE4B11D21FBDA0057D641 /* StringUtilities.swift */ = {isa = PBXFileReference; fileEncoding = 4; lastKnownFileType = sourcecode.swift; path = StringUtilities.swift; sourceTree = "<group>"; };
		658FE4BB1D22170E0057D641 /* GameDataModel.xcdatamodel */ = {isa = PBXFileReference; lastKnownFileType = wrapper.xcdatamodel; path = GameDataModel.xcdatamodel; sourceTree = "<group>"; };
		658FE4BD1D2217AD0057D641 /* WorldSettings+CoreDataProperties.swift */ = {isa = PBXFileReference; fileEncoding = 4; lastKnownFileType = sourcecode.swift; path = "WorldSettings+CoreDataProperties.swift"; sourceTree = "<group>"; };
		658FE4BE1D2217AD0057D641 /* WorldSettings.swift */ = {isa = PBXFileReference; fileEncoding = 4; lastKnownFileType = sourcecode.swift; path = WorldSettings.swift; sourceTree = "<group>"; };
		658FE4C11D2218010057D641 /* DataController.swift */ = {isa = PBXFileReference; fileEncoding = 4; lastKnownFileType = sourcecode.swift; path = DataController.swift; sourceTree = "<group>"; };
		658FE4C31D236B540057D641 /* DatabaseManager.swift */ = {isa = PBXFileReference; fileEncoding = 4; lastKnownFileType = sourcecode.swift; path = DatabaseManager.swift; sourceTree = "<group>"; };
		65977D551CD5232400BFEAB9 /* LaunchScreen.storyboard */ = {isa = PBXFileReference; fileEncoding = 4; lastKnownFileType = file.storyboard; path = LaunchScreen.storyboard; sourceTree = "<group>"; };
		6599EC711D02374C00DE1693 /* CBGameSceneDelegate.h */ = {isa = PBXFileReference; lastKnownFileType = sourcecode.c.h; path = CBGameSceneDelegate.h; sourceTree = "<group>"; };
		65A70F741E4E1E54007D3CC4 /* DSMultilineLabelNode.h */ = {isa = PBXFileReference; fileEncoding = 4; lastKnownFileType = sourcecode.c.h; path = DSMultilineLabelNode.h; sourceTree = "<group>"; };
		65A70F751E4E1E54007D3CC4 /* DSMultilineLabelNode.m */ = {isa = PBXFileReference; fileEncoding = 4; lastKnownFileType = sourcecode.c.objc; path = DSMultilineLabelNode.m; sourceTree = "<group>"; };
		65ADBEE61E66593200DD50B8 /* HorizontalWall.sks */ = {isa = PBXFileReference; lastKnownFileType = file.sks; path = HorizontalWall.sks; sourceTree = "<group>"; };
		65AF0B791E3AD6B8008DDE91 /* Level-2.sks */ = {isa = PBXFileReference; lastKnownFileType = file.sks; path = "Level-2.sks"; sourceTree = "<group>"; };
		65AF0B7C1E3AD9BB008DDE91 /* Level-3.sks */ = {isa = PBXFileReference; lastKnownFileType = file.sks; path = "Level-3.sks"; sourceTree = "<group>"; };
		65AF0B7E1E3ADA40008DDE91 /* Level-4.sks */ = {isa = PBXFileReference; lastKnownFileType = file.sks; path = "Level-4.sks"; sourceTree = "<group>"; };
		65B792EA1CD6CDAE00FC7A28 /* CosmicBlast-Bridging-Header.h */ = {isa = PBXFileReference; lastKnownFileType = sourcecode.c.h; path = "CosmicBlast-Bridging-Header.h"; sourceTree = "<group>"; };
		65B792EB1CD6CDAE00FC7A28 /* MainMenuViewController.swift */ = {isa = PBXFileReference; fileEncoding = 4; lastKnownFileType = sourcecode.swift; path = MainMenuViewController.swift; sourceTree = "<group>"; };
		65BA8A8219B8E187003DCDD9 /* CBWalker.h */ = {isa = PBXFileReference; fileEncoding = 4; lastKnownFileType = sourcecode.c.h; path = CBWalker.h; sourceTree = "<group>"; };
		65BA8A8319B8E187003DCDD9 /* CBWalker.m */ = {isa = PBXFileReference; fileEncoding = 4; lastKnownFileType = sourcecode.c.objc; path = CBWalker.m; sourceTree = "<group>"; };
		65BA8A8519B8E4B6003DCDD9 /* CBEnemyUnit.h */ = {isa = PBXFileReference; fileEncoding = 4; lastKnownFileType = sourcecode.c.h; path = CBEnemyUnit.h; sourceTree = "<group>"; };
		65BA8A8619B8E4B6003DCDD9 /* CBEnemyUnit.m */ = {isa = PBXFileReference; fileEncoding = 4; lastKnownFileType = sourcecode.c.objc; path = CBEnemyUnit.m; sourceTree = "<group>"; };
		65D9B93E1CFFC1BE00A808BD /* GameValues.swift */ = {isa = PBXFileReference; fileEncoding = 4; lastKnownFileType = sourcecode.swift; path = GameValues.swift; sourceTree = "<group>"; };
		65D9BC681B2651EE005A5324 /* EnumConstants.h */ = {isa = PBXFileReference; lastKnownFileType = sourcecode.c.h; path = EnumConstants.h; sourceTree = "<group>"; };
		65E01BC51D5A736500AF5AAD /* LevelData.swift */ = {isa = PBXFileReference; fileEncoding = 4; lastKnownFileType = sourcecode.swift; path = LevelData.swift; sourceTree = "<group>"; };
		65E620941DE6288F0089602A /* CBTiltVisualizer.h */ = {isa = PBXFileReference; fileEncoding = 4; lastKnownFileType = sourcecode.c.h; path = CBTiltVisualizer.h; sourceTree = "<group>"; };
		65E620951DE6288F0089602A /* CBTiltVisualizer.m */ = {isa = PBXFileReference; fileEncoding = 4; lastKnownFileType = sourcecode.c.objc; path = CBTiltVisualizer.m; sourceTree = "<group>"; };
		65EBF13519A97AD400F0BA37 /* CBWorld.h */ = {isa = PBXFileReference; fileEncoding = 4; lastKnownFileType = sourcecode.c.h; path = CBWorld.h; sourceTree = "<group>"; };
		65EBF13619A97AD400F0BA37 /* CBWorld.m */ = {isa = PBXFileReference; fileEncoding = 4; lastKnownFileType = sourcecode.c.objc; path = CBWorld.m; sourceTree = "<group>"; };
		65F42C2E1AB7B79B001DA12A /* CBLogger.h */ = {isa = PBXFileReference; fileEncoding = 4; lastKnownFileType = sourcecode.c.h; name = CBLogger.h; path = ../CBLogger.h; sourceTree = "<group>"; };
		65F42C2F1AB7B79B001DA12A /* CBLogger.m */ = {isa = PBXFileReference; fileEncoding = 4; lastKnownFileType = sourcecode.c.objc; name = CBLogger.m; path = ../CBLogger.m; sourceTree = "<group>"; };
		65FDF3AF19A996B200D4269C /* CBEnemy.h */ = {isa = PBXFileReference; fileEncoding = 4; lastKnownFileType = sourcecode.c.h; path = CBEnemy.h; sourceTree = "<group>"; };
		65FDF3B019A996B200D4269C /* CBEnemy.m */ = {isa = PBXFileReference; fileEncoding = 4; lastKnownFileType = sourcecode.c.objc; path = CBEnemy.m; sourceTree = "<group>"; };
		A4ACAAD1F1B102D2450CF41D /* Pods_CosmicBlastTests.framework */ = {isa = PBXFileReference; explicitFileType = wrapper.framework; includeInIndex = 0; path = Pods_CosmicBlastTests.framework; sourceTree = BUILT_PRODUCTS_DIR; };
		A4DC601E5481EB2FCFC7F565 /* Pods_CosmicBlast.framework */ = {isa = PBXFileReference; explicitFileType = wrapper.framework; includeInIndex = 0; path = Pods_CosmicBlast.framework; sourceTree = BUILT_PRODUCTS_DIR; };
		CD8D894523EA832DF45A5AA3 /* Pods-CosmicBlast.release.xcconfig */ = {isa = PBXFileReference; includeInIndex = 1; lastKnownFileType = text.xcconfig; name = "Pods-CosmicBlast.release.xcconfig"; path = "Pods/Target Support Files/Pods-CosmicBlast/Pods-CosmicBlast.release.xcconfig"; sourceTree = "<group>"; };
/* End PBXFileReference section */

/* Begin PBXFrameworksBuildPhase section */
		6566BE7619802D5D00602447 /* Frameworks */ = {
			isa = PBXFrameworksBuildPhase;
			buildActionMask = 2147483647;
			files = (
				6566BE7F19802D5D00602447 /* CoreGraphics.framework in Frameworks */,
				6566BE8119802D5D00602447 /* UIKit.framework in Frameworks */,
				6566BE8319802D5D00602447 /* SpriteKit.framework in Frameworks */,
				6566BE7D19802D5D00602447 /* Foundation.framework in Frameworks */,
				E70971E4EA9DFBF36DBFB0A9 /* Pods_CosmicBlast.framework in Frameworks */,
			);
			runOnlyForDeploymentPostprocessing = 0;
		};
		6566BE9E19802D5D00602447 /* Frameworks */ = {
			isa = PBXFrameworksBuildPhase;
			buildActionMask = 2147483647;
			files = (
				6566BEA319802D5D00602447 /* XCTest.framework in Frameworks */,
				6566BEA519802D5D00602447 /* UIKit.framework in Frameworks */,
				6566BEA419802D5D00602447 /* Foundation.framework in Frameworks */,
			);
			runOnlyForDeploymentPostprocessing = 0;
		};
/* End PBXFrameworksBuildPhase section */

/* Begin PBXGroup section */
		65171B401DF0EE78001F58E7 /* Resources */ = {
			isa = PBXGroup;
			children = (
				65171B411DF0F012001F58E7 /* LevelsJSON.txt */,
			);
			path = Resources;
			sourceTree = "<group>";
		};
		6566BE7019802D5D00602447 = {
			isa = PBXGroup;
			children = (
				6566BE8419802D5D00602447 /* CosmicBlast */,
				6566BEA819802D5D00602447 /* CosmicBlastTests */,
				6566BE7B19802D5D00602447 /* Frameworks */,
				6566BE7A19802D5D00602447 /* Products */,
				F3CA62840DF9A2892D49E6DF /* Pods */,
			);
			sourceTree = "<group>";
		};
		6566BE7A19802D5D00602447 /* Products */ = {
			isa = PBXGroup;
			children = (
				6566BE7919802D5D00602447 /* CosmicBlast.app */,
				6566BEA119802D5D00602447 /* CosmicBlastTests.xctest */,
			);
			name = Products;
			sourceTree = "<group>";
		};
		6566BE7B19802D5D00602447 /* Frameworks */ = {
			isa = PBXGroup;
			children = (
				6566BE7C19802D5D00602447 /* Foundation.framework */,
				6566BE7E19802D5D00602447 /* CoreGraphics.framework */,
				6566BE8019802D5D00602447 /* UIKit.framework */,
				6566BE8219802D5D00602447 /* SpriteKit.framework */,
				6566BEA219802D5D00602447 /* XCTest.framework */,
				A4DC601E5481EB2FCFC7F565 /* Pods_CosmicBlast.framework */,
				A4ACAAD1F1B102D2450CF41D /* Pods_CosmicBlastTests.framework */,
			);
			name = Frameworks;
			sourceTree = "<group>";
		};
		6566BE8419802D5D00602447 /* CosmicBlast */ = {
			isa = PBXGroup;
			children = (
				65171B401DF0EE78001F58E7 /* Resources */,
				6529D9711D061A0300A31762 /* checker.png */,
				650790091B9CD7DA00F9931F /* Background.png */,
				65977D551CD5232400BFEAB9 /* LaunchScreen.storyboard */,
				65D71CA51E6DE89200852C9E /* New Group */,
				65AF0B7B1E3AD842008DDE91 /* Levels */,
				656ADE791DA47F8F00766DB4 /* MainMenu */,
				6579701719BE458F00E2B9D9 /* App */,
				658FE4C51D236B5B0057D641 /* DataModel */,
				6579701419BE44BE00E2B9D9 /* WorldScene */,
				6579701819BE45C300E2B9D9 /* Utilities */,
				6579701619BE455D00E2B9D9 /* Player */,
				6579701519BE450A00E2B9D9 /* Enemies */,
				6579701319BE447800E2B9D9 /* InGameUI */,
				6566BE9B19802D5D00602447 /* Images.xcassets */,
				6566BEB81980387400602447 /* SpriteKitSimpleGameResources */,
				6566BE8519802D5D00602447 /* Supporting Files */,
			);
			path = CosmicBlast;
			sourceTree = "<group>";
		};
		6566BE8519802D5D00602447 /* Supporting Files */ = {
			isa = PBXGroup;
			children = (
				6566BE8619802D5D00602447 /* CosmicBlast-Info.plist */,
				6566BE8719802D5D00602447 /* InfoPlist.strings */,
				6566BE8A19802D5D00602447 /* main.m */,
				6566BE8C19802D5D00602447 /* CosmicBlast-Prefix.pch */,
			);
			name = "Supporting Files";
			sourceTree = "<group>";
		};
		6566BEA819802D5D00602447 /* CosmicBlastTests */ = {
			isa = PBXGroup;
			children = (
				6566BEAE19802D5D00602447 /* CosmicBlastTests.m */,
				6566BEA919802D5D00602447 /* Supporting Files */,
			);
			path = CosmicBlastTests;
			sourceTree = "<group>";
		};
		6566BEA919802D5D00602447 /* Supporting Files */ = {
			isa = PBXGroup;
			children = (
				6566BEAA19802D5D00602447 /* CosmicBlastTests-Info.plist */,
				6566BEAB19802D5D00602447 /* InfoPlist.strings */,
			);
			name = "Supporting Files";
			sourceTree = "<group>";
		};
		6566BEB81980387400602447 /* SpriteKitSimpleGameResources */ = {
			isa = PBXGroup;
			children = (
				6566BEB91980387400602447 /* Sounds */,
				6566BEBC1980387400602447 /* sprites.atlas */,
			);
			path = SpriteKitSimpleGameResources;
			sourceTree = "<group>";
		};
		6566BEB91980387400602447 /* Sounds */ = {
			isa = PBXGroup;
			children = (
				6566BEBA1980387400602447 /* background-music-aac.caf */,
				6566BEBB1980387400602447 /* pew-pew-lei.caf */,
			);
			path = Sounds;
			sourceTree = "<group>";
		};
		656ADE791DA47F8F00766DB4 /* MainMenu */ = {
			isa = PBXGroup;
			children = (
				6507E14E1A5117DD00A3FADB /* CBMenuScene.h */,
				6507E14D1A5117DD00A3FADB /* CBMenuScene.m */,
				656ADE761DA47F1700766DB4 /* CBInstructionScene.h */,
				656ADE771DA47F1700766DB4 /* CBInstructionScene.m */,
			);
			name = MainMenu;
			sourceTree = "<group>";
		};
		6579701319BE447800E2B9D9 /* InGameUI */ = {
			isa = PBXGroup;
			children = (
				652D56701D01017500AF13C3 /* CBButtonDelegate.h */,
				65869F791A3A8C260076B9D4 /* CBHealthBar.h */,
				65869F7A1A3A8C260076B9D4 /* CBHealthBar.m */,
				6579700D19BE43CE00E2B9D9 /* CBButtonBar.h */,
				6579700E19BE43CE00E2B9D9 /* CBButtonBar.m */,
				6579701019BE43E200E2B9D9 /* CBButton.h */,
				6579701119BE43E200E2B9D9 /* CBButton.m */,
				65E620941DE6288F0089602A /* CBTiltVisualizer.h */,
				65E620951DE6288F0089602A /* CBTiltVisualizer.m */,
			);
			name = InGameUI;
			sourceTree = "<group>";
		};
		6579701419BE44BE00E2B9D9 /* WorldScene */ = {
			isa = PBXGroup;
			children = (
				654DC4131DFB5D860005002E /* CBWall.h */,
				654DC4141DFB5D860005002E /* CBWall.m */,
				6566BE9619802D5D00602447 /* CBMyScene.h */,
				6566BE9719802D5D00602447 /* CBMyScene.m */,
				657432D61CEBEEA900EB6864 /* Level1.sks */,
				65EBF13519A97AD400F0BA37 /* CBWorld.h */,
				65EBF13619A97AD400F0BA37 /* CBWorld.m */,
				653761341E5DD3D400757AA8 /* CBTrap.h */,
				653761351E5DD3D400757AA8 /* CBTrap.m */,
			);
			name = WorldScene;
			sourceTree = "<group>";
		};
		6579701519BE450A00E2B9D9 /* Enemies */ = {
			isa = PBXGroup;
			children = (
				65FDF3AF19A996B200D4269C /* CBEnemy.h */,
				65FDF3B019A996B200D4269C /* CBEnemy.m */,
				65BA8A8519B8E4B6003DCDD9 /* CBEnemyUnit.h */,
				65BA8A8619B8E4B6003DCDD9 /* CBEnemyUnit.m */,
				65BA8A8219B8E187003DCDD9 /* CBWalker.h */,
				65BA8A8319B8E187003DCDD9 /* CBWalker.m */,
			);
			name = Enemies;
			sourceTree = "<group>";
		};
		6579701619BE455D00E2B9D9 /* Player */ = {
			isa = PBXGroup;
			children = (
				6515FAD519AFD25800E82568 /* CBPlayer.h */,
				6515FAD619AFD25800E82568 /* CBPlayer.m */,
				65545A8119C1443B005F1073 /* CBItem.h */,
				65545A8219C1443B005F1073 /* CBItem.m */,
			);
			name = Player;
			sourceTree = "<group>";
		};
		6579701719BE458F00E2B9D9 /* App */ = {
			isa = PBXGroup;
			children = (
				6599EC711D02374C00DE1693 /* CBGameSceneDelegate.h */,
				6566BE8D19802D5D00602447 /* CBAppDelegate.h */,
				6566BE8E19802D5D00602447 /* CBAppDelegate.m */,
				6566BE9319802D5D00602447 /* CBViewController.h */,
				6566BE9419802D5D00602447 /* CBViewController.m */,
				65B792EA1CD6CDAE00FC7A28 /* CosmicBlast-Bridging-Header.h */,
				658FE4AF1D21FB8B0057D641 /* GameSettingsViewController.swift */,
				6566BE9019802D5D00602447 /* Main.storyboard */,
				65B792EB1CD6CDAE00FC7A28 /* MainMenuViewController.swift */,
			);
			name = App;
			sourceTree = "<group>";
		};
		6579701819BE45C300E2B9D9 /* Utilities */ = {
			isa = PBXGroup;
			children = (
				658FE4C11D2218010057D641 /* DataController.swift */,
				65D9BC681B2651EE005A5324 /* EnumConstants.h */,
				658FE4B11D21FBDA0057D641 /* StringUtilities.swift */,
				65F42C2E1AB7B79B001DA12A /* CBLogger.h */,
				65F42C2F1AB7B79B001DA12A /* CBLogger.m */,
				65545A8419C14650005F1073 /* CBShuriken.h */,
				65545A8519C14650005F1073 /* CBShuriken.m */,
				6515FAD219AFB6DE00E82568 /* CBVectorMath.h */,
				6515FAD319AFB6DE00E82568 /* CBVectorMath.m */,
				655D4D4F1B7ADC5D0055FEB1 /* CBDataBase.h */,
				655D4D501B7ADC5D0055FEB1 /* CBDataBase.m */,
				655D4D4C1B7955550055FEB1 /* CBStats.h */,
				655D4D4D1B7955550055FEB1 /* CBStats.m */,
				65A70F741E4E1E54007D3CC4 /* DSMultilineLabelNode.h */,
				65A70F751E4E1E54007D3CC4 /* DSMultilineLabelNode.m */,
			);
			name = Utilities;
			sourceTree = "<group>";
		};
		658FE4C51D236B5B0057D641 /* DataModel */ = {
			isa = PBXGroup;
			children = (
				65E01BC51D5A736500AF5AAD /* LevelData.swift */,
				65D9B93E1CFFC1BE00A808BD /* GameValues.swift */,
				658FE4BA1D22170E0057D641 /* GameDataModel.xcdatamodeld */,
				658FE4C31D236B540057D641 /* DatabaseManager.swift */,
				658FE4BE1D2217AD0057D641 /* WorldSettings.swift */,
				658FE4BD1D2217AD0057D641 /* WorldSettings+CoreDataProperties.swift */,
			);
			name = DataModel;
			sourceTree = "<group>";
		};
		65AF0B7B1E3AD842008DDE91 /* Levels */ = {
			isa = PBXGroup;
			children = (
				651A9EA51E36F88400BE254E /* Level-1.sks */,
				65AF0B791E3AD6B8008DDE91 /* Level-2.sks */,
				65AF0B7C1E3AD9BB008DDE91 /* Level-3.sks */,
				65AF0B7E1E3ADA40008DDE91 /* Level-4.sks */,
				658BE5D81E5B9DCD00601C95 /* Level-5.sks */,
				658BE5DA1E5BAB7A00601C95 /* Level-6.sks */,
				658BE5DC1E5BAB8900601C95 /* Level-7.sks */,
				658BE5DE1E5BAB9D00601C95 /* Level-8.sks */,
				658BE5E01E5BABAE00601C95 /* Level-9.sks */,
				658BE5E21E5BABB800601C95 /* Level-10.sks */,
				658BE5E41E5BABCA00601C95 /* Level-11.sks */,
				658BE5E61E5BABD400601C95 /* Level-12.sks */,
				658BE5E81E5BABDF00601C95 /* Level-13.sks */,
				658BE5EA1E5BABE800601C95 /* Level-14.sks */,
				658BE5EC1E5BABF000601C95 /* Level-15.sks */,
				658BE5EE1E5BABF800601C95 /* Level-16.sks */,
				658BE5F01E5BAC0200601C95 /* Level-17.sks */,
				658BE5F21E5BAC0C00601C95 /* Level-18.sks */,
				658BE5F41E5BAC1500601C95 /* Level-19.sks */,
				658BE5F61E5BAC1B00601C95 /* Level-20.sks */,
			);
			name = Levels;
			sourceTree = "<group>";
		};
		65D71CA51E6DE89200852C9E /* New Group */ = {
			isa = PBXGroup;
			children = (
				657F2EA51E67AB0500351A13 /* VerticlaWall.sks */,
				65ADBEE61E66593200DD50B8 /* HorizontalWall.sks */,
			);
			name = "New Group";
			sourceTree = "<group>";
		};
		F3CA62840DF9A2892D49E6DF /* Pods */ = {
			isa = PBXGroup;
			children = (
				50C347D2E87466F5C9AFE141 /* Pods-CosmicBlast.debug.xcconfig */,
				CD8D894523EA832DF45A5AA3 /* Pods-CosmicBlast.release.xcconfig */,
			);
			name = Pods;
			sourceTree = "<group>";
		};
/* End PBXGroup section */

/* Begin PBXNativeTarget section */
		6566BE7819802D5D00602447 /* CosmicBlast */ = {
			isa = PBXNativeTarget;
			buildConfigurationList = 6566BEB219802D5D00602447 /* Build configuration list for PBXNativeTarget "CosmicBlast" */;
			buildPhases = (
				6C67F60BF3D542708F828EC1 /* [CP] Check Pods Manifest.lock */,
				6566BE7519802D5D00602447 /* Sources */,
				6566BE7619802D5D00602447 /* Frameworks */,
				6566BE7719802D5D00602447 /* Resources */,
				2CE99E9817018223CD3430C9 /* [CP] Embed Pods Frameworks */,
				B8DD64E3D98E803B122EB6C9 /* [CP] Copy Pods Resources */,
			);
			buildRules = (
			);
			dependencies = (
			);
			name = CosmicBlast;
			productName = CosmicBlast;
			productReference = 6566BE7919802D5D00602447 /* CosmicBlast.app */;
			productType = "com.apple.product-type.application";
		};
		6566BEA019802D5D00602447 /* CosmicBlastTests */ = {
			isa = PBXNativeTarget;
			buildConfigurationList = 6566BEB519802D5D00602447 /* Build configuration list for PBXNativeTarget "CosmicBlastTests" */;
			buildPhases = (
				6566BE9D19802D5D00602447 /* Sources */,
				6566BE9E19802D5D00602447 /* Frameworks */,
				6566BE9F19802D5D00602447 /* Resources */,
			);
			buildRules = (
			);
			dependencies = (
				6566BEA719802D5D00602447 /* PBXTargetDependency */,
			);
			name = CosmicBlastTests;
			productName = CosmicBlastTests;
			productReference = 6566BEA119802D5D00602447 /* CosmicBlastTests.xctest */;
			productType = "com.apple.product-type.bundle.unit-test";
		};
/* End PBXNativeTarget section */

/* Begin PBXProject section */
		6566BE7119802D5D00602447 /* Project object */ = {
			isa = PBXProject;
			attributes = {
				CLASSPREFIX = CB;
				LastUpgradeCheck = 0800;
				ORGANIZATIONNAME = "Teddy Kitchen";
				TargetAttributes = {
					6566BE7819802D5D00602447 = {
						DevelopmentTeam = 5W379BHMRF;
						LastSwiftMigration = 0800;
					};
					6566BEA019802D5D00602447 = {
						LastSwiftMigration = 0800;
						TestTargetID = 6566BE7819802D5D00602447;
					};
				};
			};
			buildConfigurationList = 6566BE7419802D5D00602447 /* Build configuration list for PBXProject "CosmicBlast" */;
			compatibilityVersion = "Xcode 6.3";
			developmentRegion = English;
			hasScannedForEncodings = 0;
			knownRegions = (
				en,
				Base,
			);
			mainGroup = 6566BE7019802D5D00602447;
			productRefGroup = 6566BE7A19802D5D00602447 /* Products */;
			projectDirPath = "";
			projectRoot = "";
			targets = (
				6566BE7819802D5D00602447 /* CosmicBlast */,
				6566BEA019802D5D00602447 /* CosmicBlastTests */,
			);
		};
/* End PBXProject section */

/* Begin PBXResourcesBuildPhase section */
		6566BE7719802D5D00602447 /* Resources */ = {
			isa = PBXResourcesBuildPhase;
			buildActionMask = 2147483647;
			files = (
				658BE5F11E5BAC0200601C95 /* Level-17.sks in Resources */,
				658BE5ED1E5BABF000601C95 /* Level-15.sks in Resources */,
				658BE5EF1E5BABF800601C95 /* Level-16.sks in Resources */,
				658BE5F31E5BAC0C00601C95 /* Level-18.sks in Resources */,
				65AF0B7A1E3AD6B8008DDE91 /* Level-2.sks in Resources */,
				6566BEBF1980387400602447 /* sprites.atlas in Resources */,
				658BE5DB1E5BAB7A00601C95 /* Level-6.sks in Resources */,
				6529D9721D061A0300A31762 /* checker.png in Resources */,
				658BE5E91E5BABDF00601C95 /* Level-13.sks in Resources */,
				658BE5EB1E5BABE800601C95 /* Level-14.sks in Resources */,
				658BE5F51E5BAC1500601C95 /* Level-19.sks in Resources */,
				65ADBEE71E66593200DD50B8 /* HorizontalWall.sks in Resources */,
				65AF0B7F1E3ADA40008DDE91 /* Level-4.sks in Resources */,
				658BE5D91E5B9DCD00601C95 /* Level-5.sks in Resources */,
				658BE5F71E5BAC1B00601C95 /* Level-20.sks in Resources */,
				658BE5E51E5BABCA00601C95 /* Level-11.sks in Resources */,
				65977D561CD5232400BFEAB9 /* LaunchScreen.storyboard in Resources */,
				658BE5E31E5BABB800601C95 /* Level-10.sks in Resources */,
				65171B421DF0F012001F58E7 /* LevelsJSON.txt in Resources */,
				658BE5E11E5BABAE00601C95 /* Level-9.sks in Resources */,
				657432D71CEBEEA900EB6864 /* Level1.sks in Resources */,
				651A9EA61E36F88400BE254E /* Level-1.sks in Resources */,
				6566BEBD1980387400602447 /* background-music-aac.caf in Resources */,
				6566BE8919802D5D00602447 /* InfoPlist.strings in Resources */,
				658BE5DD1E5BAB8900601C95 /* Level-7.sks in Resources */,
				6507900A1B9CD7DA00F9931F /* Background.png in Resources */,
				657F2EA61E67AB0500351A13 /* VerticlaWall.sks in Resources */,
				65AF0B7D1E3AD9BB008DDE91 /* Level-3.sks in Resources */,
				6566BE9C19802D5D00602447 /* Images.xcassets in Resources */,
				6566BE9219802D5D00602447 /* Main.storyboard in Resources */,
				6566BEBE1980387400602447 /* pew-pew-lei.caf in Resources */,
				658BE5DF1E5BAB9D00601C95 /* Level-8.sks in Resources */,
				658BE5E71E5BABD400601C95 /* Level-12.sks in Resources */,
			);
			runOnlyForDeploymentPostprocessing = 0;
		};
		6566BE9F19802D5D00602447 /* Resources */ = {
			isa = PBXResourcesBuildPhase;
			buildActionMask = 2147483647;
			files = (
				6566BEAD19802D5D00602447 /* InfoPlist.strings in Resources */,
			);
			runOnlyForDeploymentPostprocessing = 0;
		};
/* End PBXResourcesBuildPhase section */

/* Begin PBXShellScriptBuildPhase section */
		2CE99E9817018223CD3430C9 /* [CP] Embed Pods Frameworks */ = {
			isa = PBXShellScriptBuildPhase;
			buildActionMask = 2147483647;
			files = (
			);
			inputPaths = (
			);
			name = "[CP] Embed Pods Frameworks";
			outputPaths = (
			);
			runOnlyForDeploymentPostprocessing = 0;
			shellPath = /bin/sh;
			shellScript = "\"${SRCROOT}/Pods/Target Support Files/Pods-CosmicBlast/Pods-CosmicBlast-frameworks.sh\"\n";
			showEnvVarsInLog = 0;
		};
		6C67F60BF3D542708F828EC1 /* [CP] Check Pods Manifest.lock */ = {
			isa = PBXShellScriptBuildPhase;
			buildActionMask = 2147483647;
			files = (
			);
			inputPaths = (
			);
			name = "[CP] Check Pods Manifest.lock";
			outputPaths = (
			);
			runOnlyForDeploymentPostprocessing = 0;
			shellPath = /bin/sh;
			shellScript = "diff \"${PODS_ROOT}/../Podfile.lock\" \"${PODS_ROOT}/Manifest.lock\" > /dev/null\nif [ $? != 0 ] ; then\n    # print error to STDERR\n    echo \"error: The sandbox is not in sync with the Podfile.lock. Run 'pod install' or update your CocoaPods installation.\" >&2\n    exit 1\nfi\n";
			showEnvVarsInLog = 0;
		};
		B8DD64E3D98E803B122EB6C9 /* [CP] Copy Pods Resources */ = {
			isa = PBXShellScriptBuildPhase;
			buildActionMask = 2147483647;
			files = (
			);
			inputPaths = (
			);
			name = "[CP] Copy Pods Resources";
			outputPaths = (
			);
			runOnlyForDeploymentPostprocessing = 0;
			shellPath = /bin/sh;
			shellScript = "\"${SRCROOT}/Pods/Target Support Files/Pods-CosmicBlast/Pods-CosmicBlast-resources.sh\"\n";
			showEnvVarsInLog = 0;
		};
/* End PBXShellScriptBuildPhase section */

/* Begin PBXSourcesBuildPhase section */
		6566BE7519802D5D00602447 /* Sources */ = {
			isa = PBXSourcesBuildPhase;
			buildActionMask = 2147483647;
			files = (
				6507E14F1A5117DD00A3FADB /* CBMenuScene.m in Sources */,
				65545A8319C1443B005F1073 /* CBItem.m in Sources */,
				65545A8619C14650005F1073 /* CBShuriken.m in Sources */,
				6566BE8B19802D5D00602447 /* main.m in Sources */,
				65F42C301AB7B79B001DA12A /* CBLogger.m in Sources */,
				6566BE8F19802D5D00602447 /* CBAppDelegate.m in Sources */,
				65869F7B1A3A8C260076B9D4 /* CBHealthBar.m in Sources */,
				658FE4C41D236B540057D641 /* DatabaseManager.swift in Sources */,
				6579701219BE43E200E2B9D9 /* CBButton.m in Sources */,
				658FE4B01D21FB8B0057D641 /* GameSettingsViewController.swift in Sources */,
				6566BE9519802D5D00602447 /* CBViewController.m in Sources */,
				65E01BC61D5A736500AF5AAD /* LevelData.swift in Sources */,
				65FDF3B119A996B200D4269C /* CBEnemy.m in Sources */,
				653761361E5DD3D400757AA8 /* CBTrap.m in Sources */,
				6566BE9819802D5D00602447 /* CBMyScene.m in Sources */,
				6515FAD419AFB6DE00E82568 /* CBVectorMath.m in Sources */,
				65BA8A8719B8E4B6003DCDD9 /* CBEnemyUnit.m in Sources */,
				655D4D4E1B7955550055FEB1 /* CBStats.m in Sources */,
				65BA8A8419B8E187003DCDD9 /* CBWalker.m in Sources */,
				658FE4BF1D2217AD0057D641 /* WorldSettings+CoreDataProperties.swift in Sources */,
				658FE4BC1D22170E0057D641 /* GameDataModel.xcdatamodeld in Sources */,
				656ADE781DA47F1700766DB4 /* CBInstructionScene.m in Sources */,
				65EBF13719A97AD400F0BA37 /* CBWorld.m in Sources */,
				65D9B93F1CFFC1BE00A808BD /* GameValues.swift in Sources */,
				65E620961DE6288F0089602A /* CBTiltVisualizer.m in Sources */,
				654DC4151DFB5D860005002E /* CBWall.m in Sources */,
				658FE4C21D2218010057D641 /* DataController.swift in Sources */,
				658FE4B21D21FBDA0057D641 /* StringUtilities.swift in Sources */,
				655D4D511B7ADC5D0055FEB1 /* CBDataBase.m in Sources */,
				65B792EC1CD6CDAE00FC7A28 /* MainMenuViewController.swift in Sources */,
				6579700F19BE43CE00E2B9D9 /* CBButtonBar.m in Sources */,
				658FE4C01D2217AD0057D641 /* WorldSettings.swift in Sources */,
				6515FAD719AFD25800E82568 /* CBPlayer.m in Sources */,
				65A70F761E4E1E54007D3CC4 /* DSMultilineLabelNode.m in Sources */,
			);
			runOnlyForDeploymentPostprocessing = 0;
		};
		6566BE9D19802D5D00602447 /* Sources */ = {
			isa = PBXSourcesBuildPhase;
			buildActionMask = 2147483647;
			files = (
				6566BEAF19802D5D00602447 /* CosmicBlastTests.m in Sources */,
			);
			runOnlyForDeploymentPostprocessing = 0;
		};
/* End PBXSourcesBuildPhase section */

/* Begin PBXTargetDependency section */
		6566BEA719802D5D00602447 /* PBXTargetDependency */ = {
			isa = PBXTargetDependency;
			target = 6566BE7819802D5D00602447 /* CosmicBlast */;
			targetProxy = 6566BEA619802D5D00602447 /* PBXContainerItemProxy */;
		};
/* End PBXTargetDependency section */

/* Begin PBXVariantGroup section */
		6566BE8719802D5D00602447 /* InfoPlist.strings */ = {
			isa = PBXVariantGroup;
			children = (
				6566BE8819802D5D00602447 /* en */,
			);
			name = InfoPlist.strings;
			sourceTree = "<group>";
		};
		6566BE9019802D5D00602447 /* Main.storyboard */ = {
			isa = PBXVariantGroup;
			children = (
				6566BE9119802D5D00602447 /* Base */,
			);
			name = Main.storyboard;
			sourceTree = "<group>";
		};
		6566BEAB19802D5D00602447 /* InfoPlist.strings */ = {
			isa = PBXVariantGroup;
			children = (
				6566BEAC19802D5D00602447 /* en */,
			);
			name = InfoPlist.strings;
			sourceTree = "<group>";
		};
/* End PBXVariantGroup section */

/* Begin XCBuildConfiguration section */
		6566BEB019802D5D00602447 /* Debug */ = {
			isa = XCBuildConfiguration;
			buildSettings = {
				ALWAYS_SEARCH_USER_PATHS = NO;
				CLANG_CXX_LANGUAGE_STANDARD = "gnu++0x";
				CLANG_CXX_LIBRARY = "libc++";
				CLANG_ENABLE_MODULES = YES;
				CLANG_ENABLE_OBJC_ARC = YES;
				CLANG_WARN_BOOL_CONVERSION = YES;
				CLANG_WARN_CONSTANT_CONVERSION = YES;
				CLANG_WARN_DIRECT_OBJC_ISA_USAGE = YES_ERROR;
				CLANG_WARN_EMPTY_BODY = YES;
				CLANG_WARN_ENUM_CONVERSION = YES;
				CLANG_WARN_INFINITE_RECURSION = YES;
				CLANG_WARN_INT_CONVERSION = YES;
				CLANG_WARN_OBJC_ROOT_CLASS = YES_ERROR;
				CLANG_WARN_SUSPICIOUS_MOVE = YES;
				CLANG_WARN_UNREACHABLE_CODE = YES;
				CLANG_WARN__DUPLICATE_METHOD_MATCH = YES;
				"CODE_SIGN_IDENTITY[sdk=iphoneos*]" = "iPhone Developer";
				COPY_PHASE_STRIP = NO;
				ENABLE_STRICT_OBJC_MSGSEND = YES;
				ENABLE_TESTABILITY = YES;
				GCC_C_LANGUAGE_STANDARD = gnu99;
				GCC_DYNAMIC_NO_PIC = NO;
				GCC_NO_COMMON_BLOCKS = NO;
				GCC_OPTIMIZATION_LEVEL = 0;
				GCC_PREPROCESSOR_DEFINITIONS = (
					"DEBUG=1",
					"$(inherited)",
				);
				GCC_SYMBOLS_PRIVATE_EXTERN = NO;
				GCC_WARN_64_TO_32_BIT_CONVERSION = YES;
				GCC_WARN_ABOUT_RETURN_TYPE = YES_ERROR;
				GCC_WARN_UNDECLARED_SELECTOR = YES;
				GCC_WARN_UNINITIALIZED_AUTOS = YES_AGGRESSIVE;
				GCC_WARN_UNUSED_FUNCTION = YES;
				GCC_WARN_UNUSED_VARIABLE = YES;
				IPHONEOS_DEPLOYMENT_TARGET = 9.2;
				ONLY_ACTIVE_ARCH = YES;
				PRODUCT_NAME = Tiltrider;
				SDKROOT = iphoneos;
			};
			name = Debug;
		};
		6566BEB119802D5D00602447 /* Release */ = {
			isa = XCBuildConfiguration;
			buildSettings = {
				ALWAYS_SEARCH_USER_PATHS = NO;
				CLANG_CXX_LANGUAGE_STANDARD = "gnu++0x";
				CLANG_CXX_LIBRARY = "libc++";
				CLANG_ENABLE_MODULES = YES;
				CLANG_ENABLE_OBJC_ARC = YES;
				CLANG_WARN_BOOL_CONVERSION = YES;
				CLANG_WARN_CONSTANT_CONVERSION = YES;
				CLANG_WARN_DIRECT_OBJC_ISA_USAGE = YES_ERROR;
				CLANG_WARN_EMPTY_BODY = YES;
				CLANG_WARN_ENUM_CONVERSION = YES;
				CLANG_WARN_INFINITE_RECURSION = YES;
				CLANG_WARN_INT_CONVERSION = YES;
				CLANG_WARN_OBJC_ROOT_CLASS = YES_ERROR;
				CLANG_WARN_SUSPICIOUS_MOVE = YES;
				CLANG_WARN_UNREACHABLE_CODE = YES;
				CLANG_WARN__DUPLICATE_METHOD_MATCH = YES;
				"CODE_SIGN_IDENTITY[sdk=iphoneos*]" = "iPhone Developer";
				COPY_PHASE_STRIP = YES;
				ENABLE_NS_ASSERTIONS = NO;
				ENABLE_STRICT_OBJC_MSGSEND = YES;
				GCC_C_LANGUAGE_STANDARD = gnu99;
				GCC_NO_COMMON_BLOCKS = NO;
				GCC_WARN_64_TO_32_BIT_CONVERSION = YES;
				GCC_WARN_ABOUT_RETURN_TYPE = YES_ERROR;
				GCC_WARN_UNDECLARED_SELECTOR = YES;
				GCC_WARN_UNINITIALIZED_AUTOS = YES_AGGRESSIVE;
				GCC_WARN_UNUSED_FUNCTION = YES;
				GCC_WARN_UNUSED_VARIABLE = YES;
				IPHONEOS_DEPLOYMENT_TARGET = 9.2;
				PRODUCT_NAME = Tiltrider;
				SDKROOT = iphoneos;
				SWIFT_OPTIMIZATION_LEVEL = "-Owholemodule";
				VALIDATE_PRODUCT = YES;
			};
			name = Release;
		};
		6566BEB319802D5D00602447 /* Debug */ = {
			isa = XCBuildConfiguration;
			baseConfigurationReference = 50C347D2E87466F5C9AFE141 /* Pods-CosmicBlast.debug.xcconfig */;
			buildSettings = {
				ASSETCATALOG_COMPILER_APPICON_NAME = AppIcon;
				ASSETCATALOG_COMPILER_LAUNCHIMAGE_NAME = LaunchImage;
				CLANG_ENABLE_MODULES = YES;
				CODE_SIGN_IDENTITY = "iPhone Developer";
				"CODE_SIGN_IDENTITY[sdk=iphoneos*]" = "iPhone Developer";
				GCC_PRECOMPILE_PREFIX_HEADER = YES;
				GCC_PREFIX_HEADER = "CosmicBlast/CosmicBlast-Prefix.pch";
				INFOPLIST_FILE = "CosmicBlast/CosmicBlast-Info.plist";
				IPHONEOS_DEPLOYMENT_TARGET = 9.2;
				LD_RUNPATH_SEARCH_PATHS = "$(inherited) @executable_path/Frameworks";
				PRODUCT_BUNDLE_IDENTIFIER = "com.teddykitchen.${PRODUCT_NAME:rfc1034identifier}";
				PRODUCT_NAME = "$(TARGET_NAME)";
				PROVISIONING_PROFILE = "";
				SPRITEKIT_TEXTURE_ATLAS_OUTPUT = YES;
				SWIFT_OBJC_BRIDGING_HEADER = "CosmicBlast/CosmicBlast-Bridging-Header.h";
				SWIFT_OPTIMIZATION_LEVEL = "-Onone";
				SWIFT_VERSION = 3.0;
				TARGETED_DEVICE_FAMILY = 1;
				WRAPPER_EXTENSION = app;
			};
			name = Debug;
		};
		6566BEB419802D5D00602447 /* Release */ = {
			isa = XCBuildConfiguration;
			baseConfigurationReference = CD8D894523EA832DF45A5AA3 /* Pods-CosmicBlast.release.xcconfig */;
			buildSettings = {
				ASSETCATALOG_COMPILER_APPICON_NAME = AppIcon;
				ASSETCATALOG_COMPILER_LAUNCHIMAGE_NAME = LaunchImage;
				CLANG_ENABLE_MODULES = YES;
				CODE_SIGN_IDENTITY = "iPhone Developer";
				"CODE_SIGN_IDENTITY[sdk=iphoneos*]" = "iPhone Developer";
				GCC_PRECOMPILE_PREFIX_HEADER = YES;
				GCC_PREFIX_HEADER = "CosmicBlast/CosmicBlast-Prefix.pch";
				INFOPLIST_FILE = "CosmicBlast/CosmicBlast-Info.plist";
				IPHONEOS_DEPLOYMENT_TARGET = 9.2;
				LD_RUNPATH_SEARCH_PATHS = "$(inherited) @executable_path/Frameworks";
				PRODUCT_BUNDLE_IDENTIFIER = "com.teddykitchen.${PRODUCT_NAME:rfc1034identifier}";
				PRODUCT_NAME = "$(TARGET_NAME)";
				PROVISIONING_PROFILE = "";
				SPRITEKIT_TEXTURE_ATLAS_OUTPUT = YES;
				SWIFT_OBJC_BRIDGING_HEADER = "CosmicBlast/CosmicBlast-Bridging-Header.h";
				SWIFT_VERSION = 3.0;
				TARGETED_DEVICE_FAMILY = 1;
				WRAPPER_EXTENSION = app;
			};
			name = Release;
		};
		6566BEB619802D5D00602447 /* Debug */ = {
			isa = XCBuildConfiguration;
			buildSettings = {
				BUNDLE_LOADER = "$(BUILT_PRODUCTS_DIR)/CosmicBlast.app/CosmicBlast";
				FRAMEWORK_SEARCH_PATHS = (
					"$(SDKROOT)/Developer/Library/Frameworks",
					"$(inherited)",
					"$(DEVELOPER_FRAMEWORKS_DIR)",
				);
				GCC_PRECOMPILE_PREFIX_HEADER = YES;
				GCC_PREFIX_HEADER = "CosmicBlast/CosmicBlast-Prefix.pch";
				GCC_PREPROCESSOR_DEFINITIONS = (
					"DEBUG=1",
					"$(inherited)",
				);
				INFOPLIST_FILE = "CosmicBlastTests/CosmicBlastTests-Info.plist";
				PRODUCT_BUNDLE_IDENTIFIER = "tk.${PRODUCT_NAME:rfc1034identifier}";
				PRODUCT_NAME = "$(TARGET_NAME)";
				SWIFT_VERSION = 3.0;
				TEST_HOST = "$(BUNDLE_LOADER)";
				WRAPPER_EXTENSION = xctest;
			};
			name = Debug;
		};
		6566BEB719802D5D00602447 /* Release */ = {
			isa = XCBuildConfiguration;
			buildSettings = {
				BUNDLE_LOADER = "$(BUILT_PRODUCTS_DIR)/CosmicBlast.app/CosmicBlast";
				FRAMEWORK_SEARCH_PATHS = (
					"$(SDKROOT)/Developer/Library/Frameworks",
					"$(inherited)",
					"$(DEVELOPER_FRAMEWORKS_DIR)",
				);
				GCC_PRECOMPILE_PREFIX_HEADER = YES;
				GCC_PREFIX_HEADER = "CosmicBlast/CosmicBlast-Prefix.pch";
				INFOPLIST_FILE = "CosmicBlastTests/CosmicBlastTests-Info.plist";
				PRODUCT_BUNDLE_IDENTIFIER = "tk.${PRODUCT_NAME:rfc1034identifier}";
				PRODUCT_NAME = "$(TARGET_NAME)";
				SWIFT_VERSION = 3.0;
				TEST_HOST = "$(BUNDLE_LOADER)";
				WRAPPER_EXTENSION = xctest;
			};
			name = Release;
		};
/* End XCBuildConfiguration section */

/* Begin XCConfigurationList section */
		6566BE7419802D5D00602447 /* Build configuration list for PBXProject "CosmicBlast" */ = {
			isa = XCConfigurationList;
			buildConfigurations = (
				6566BEB019802D5D00602447 /* Debug */,
				6566BEB119802D5D00602447 /* Release */,
			);
			defaultConfigurationIsVisible = 0;
			defaultConfigurationName = Release;
		};
		6566BEB219802D5D00602447 /* Build configuration list for PBXNativeTarget "CosmicBlast" */ = {
			isa = XCConfigurationList;
			buildConfigurations = (
				6566BEB319802D5D00602447 /* Debug */,
				6566BEB419802D5D00602447 /* Release */,
			);
			defaultConfigurationIsVisible = 0;
			defaultConfigurationName = Release;
		};
		6566BEB519802D5D00602447 /* Build configuration list for PBXNativeTarget "CosmicBlastTests" */ = {
			isa = XCConfigurationList;
			buildConfigurations = (
				6566BEB619802D5D00602447 /* Debug */,
				6566BEB719802D5D00602447 /* Release */,
			);
			defaultConfigurationIsVisible = 0;
			defaultConfigurationName = Release;
		};
/* End XCConfigurationList section */

/* Begin XCVersionGroup section */
		658FE4BA1D22170E0057D641 /* GameDataModel.xcdatamodeld */ = {
			isa = XCVersionGroup;
			children = (
				658FE4BB1D22170E0057D641 /* GameDataModel.xcdatamodel */,
			);
			currentVersion = 658FE4BB1D22170E0057D641 /* GameDataModel.xcdatamodel */;
			path = GameDataModel.xcdatamodeld;
			sourceTree = "<group>";
			versionGroupType = wrapper.xcdatamodel;
		};
/* End XCVersionGroup section */
	};
	rootObject = 6566BE7119802D5D00602447 /* Project object */;
}
